
Microsoft Visual Studio Solution File, Format Version 12.00
# Visual Studio Version 17
VisualStudioVersion = 17.3.32922.545
MinimumVisualStudioVersion = 10.0.40219.1
Project("{9A19103F-16F7-4668-BE54-9A1E7A4F7556}") = "REngine.Core", "REngine.Core\REngine.Core.csproj", "{72C4FF7A-ACD1-487F-9636-8781FD9F756A}"
EndProject
Project("{9A19103F-16F7-4668-BE54-9A1E7A4F7556}") = "REngine.RHI", "REngine.RHI\REngine.RHI.csproj", "{6D35A31F-37A4-4D6B-A712-A0E0547CC049}"
EndProject
Project("{2150E333-8FDC-42A3-9474-1A3956D46DE8}") = "Tests", "Tests", "{C6A5B02E-558C-4594-95DB-C12B2694EE1B}"
EndProject
Project("{9A19103F-16F7-4668-BE54-9A1E7A4F7556}") = "REngine.Core.Tests", "REngine.Core.Tests\REngine.Core.Tests.csproj", "{2A07D5B8-B862-4AA0-8AAE-CCEA10EBF3FA}"
EndProject
Project("{9A19103F-16F7-4668-BE54-9A1E7A4F7556}") = "REngine.Sandbox", "REngine.Sandbox\REngine.Sandbox.csproj", "{A04F8C05-4464-4531-A666-B392F43D8D14}"
	ProjectSection(ProjectDependencies) = postProject
		{B98478AB-7430-4168-8EB6-A9D51A4D9C1E} = {B98478AB-7430-4168-8EB6-A9D51A4D9C1E}
	EndProjectSection
EndProject
Project("{2150E333-8FDC-42A3-9474-1A3956D46DE8}") = "Solution Items", "Solution Items", "{851691E9-98BE-43A0-B175-9B21A36FCDDC}"
	ProjectSection(SolutionItems) = preProject
		.editorconfig = .editorconfig
	EndProjectSection
EndProject
Project("{9A19103F-16F7-4668-BE54-9A1E7A4F7556}") = "REngine", "REngine\REngine.csproj", "{6C1D8EC8-DB37-48CB-AC52-7DC7B572D7D5}"
EndProject
Project("{9A19103F-16F7-4668-BE54-9A1E7A4F7556}") = "REngine.RPI", "REngine.RPI\REngine.RPI.csproj", "{B98478AB-7430-4168-8EB6-A9D51A4D9C1E}"
EndProject
Project("{9A19103F-16F7-4668-BE54-9A1E7A4F7556}") = "REngine.Assets", "REngine.Assets\REngine.Assets.csproj", "{03092AC2-1D1B-4872-A057-0D25B4A68875}"
EndProject
Project("{9A19103F-16F7-4668-BE54-9A1E7A4F7556}") = "REngine.Asset.Tests", "REngine.Asset.Tests\REngine.Asset.Tests.csproj", "{5960716B-CC01-40B6-B13C-2DCD9920F8E0}"
EndProject
Project("{9A19103F-16F7-4668-BE54-9A1E7A4F7556}") = "REngine.RHI.NativeDriver", "REngine.RHI.NativeDriver\REngine.RHI.NativeDriver.csproj", "{796A9BE6-5B6C-4329-A1D9-235787383DBE}"
EndProject
Project("{9A19103F-16F7-4668-BE54-9A1E7A4F7556}") = "REngine.RHI.NativeDriver.Tests", "REngine.RHI.NativeDriver.Tests\REngine.RHI.NativeDriver.Tests.csproj", "{CC6E8333-D62E-461C-9DF5-99C13B56F1FC}"
EndProject
Project("{9A19103F-16F7-4668-BE54-9A1E7A4F7556}") = "REngine.RHI.NativeDriver.Playground", "REngine.RHI.NativeDriver.Sandbox\REngine.RHI.NativeDriver.Playground.csproj", "{2A780F4B-9FE9-4A05-ADE0-0645A99A9A3D}"
EndProject
Project("{2150E333-8FDC-42A3-9474-1A3956D46DE8}") = "Playground", "Playground", "{ACCB3A60-EEFE-46D6-9CA9-31457EF454C3}"
EndProject
Project("{2150E333-8FDC-42A3-9474-1A3956D46DE8}") = "ThirdParty", "ThirdParty", "{A47643E2-2AC1-4DF1-BEE3-2AE63C7901B5}"
EndProject
Project("{9A19103F-16F7-4668-BE54-9A1E7A4F7556}") = "GLFW.NET", "ThirdParty\GLFW.NET\GLFW.NET.csproj", "{3957CC5A-DD07-4E6B-B9A9-F05E212CC3B2}"
EndProject
Project("{9A19103F-16F7-4668-BE54-9A1E7A4F7556}") = "REngine.Windows", "REngine.Windows\REngine.Windows.csproj", "{5E9398BE-E2E8-4129-B86D-9139C9C6B9BD}"
EndProject
Project("{9A19103F-16F7-4668-BE54-9A1E7A4F7556}") = "REngine.Base.Tests", "REngine.Base.Tests\REngine.Base.Tests.csproj", "{EA91A605-1A11-47A0-A5F7-C5BB2C99A559}"
EndProject
Project("{9A19103F-16F7-4668-BE54-9A1E7A4F7556}") = "REngine.RPI.RenderGraph", "REngine.RPI.RenderGraph\REngine.RPI.RenderGraph.csproj", "{7C7279CA-63FF-4747-B332-965091DD8611}"
EndProject
Project("{9A19103F-16F7-4668-BE54-9A1E7A4F7556}") = "FreeTypeSharp", "ThirdParty\FreeTypeSharp\FreeTypeSharp.csproj", "{BA888C77-BB48-4910-9C05-25F6BD425E8A}"
EndProject
Global
	GlobalSection(SolutionConfigurationPlatforms) = preSolution
		Debug|Any CPU = Debug|Any CPU
		Debug|x64 = Debug|x64
		Debug-Linux|Any CPU = Debug-Linux|Any CPU
		Debug-Linux|x64 = Debug-Linux|x64
		Release|Any CPU = Release|Any CPU
		Release|x64 = Release|x64
	EndGlobalSection
	GlobalSection(ProjectConfigurationPlatforms) = postSolution
		{72C4FF7A-ACD1-487F-9636-8781FD9F756A}.Debug|Any CPU.ActiveCfg = Debug|x64
		{72C4FF7A-ACD1-487F-9636-8781FD9F756A}.Debug|Any CPU.Build.0 = Debug|x64
		{72C4FF7A-ACD1-487F-9636-8781FD9F756A}.Debug|x64.ActiveCfg = Debug|x64
		{72C4FF7A-ACD1-487F-9636-8781FD9F756A}.Debug|x64.Build.0 = Debug|x64
		{72C4FF7A-ACD1-487F-9636-8781FD9F756A}.Debug-Linux|Any CPU.ActiveCfg = Debug-Linux|x64
		{72C4FF7A-ACD1-487F-9636-8781FD9F756A}.Debug-Linux|Any CPU.Build.0 = Debug-Linux|x64
		{72C4FF7A-ACD1-487F-9636-8781FD9F756A}.Debug-Linux|x64.ActiveCfg = Debug-Linux|x64
		{72C4FF7A-ACD1-487F-9636-8781FD9F756A}.Debug-Linux|x64.Build.0 = Debug-Linux|x64
		{72C4FF7A-ACD1-487F-9636-8781FD9F756A}.Release|Any CPU.ActiveCfg = Release|x64
		{72C4FF7A-ACD1-487F-9636-8781FD9F756A}.Release|Any CPU.Build.0 = Release|x64
		{72C4FF7A-ACD1-487F-9636-8781FD9F756A}.Release|x64.ActiveCfg = Release|x64
		{72C4FF7A-ACD1-487F-9636-8781FD9F756A}.Release|x64.Build.0 = Release|x64
		{6D35A31F-37A4-4D6B-A712-A0E0547CC049}.Debug|Any CPU.ActiveCfg = Debug|x64
		{6D35A31F-37A4-4D6B-A712-A0E0547CC049}.Debug|Any CPU.Build.0 = Debug|x64
		{6D35A31F-37A4-4D6B-A712-A0E0547CC049}.Debug|x64.ActiveCfg = Debug|x64
		{6D35A31F-37A4-4D6B-A712-A0E0547CC049}.Debug|x64.Build.0 = Debug|x64
		{6D35A31F-37A4-4D6B-A712-A0E0547CC049}.Debug-Linux|Any CPU.ActiveCfg = Debug-Linux|x64
		{6D35A31F-37A4-4D6B-A712-A0E0547CC049}.Debug-Linux|Any CPU.Build.0 = Debug-Linux|x64
		{6D35A31F-37A4-4D6B-A712-A0E0547CC049}.Debug-Linux|x64.ActiveCfg = Debug-Linux|x64
		{6D35A31F-37A4-4D6B-A712-A0E0547CC049}.Debug-Linux|x64.Build.0 = Debug-Linux|x64
		{6D35A31F-37A4-4D6B-A712-A0E0547CC049}.Release|Any CPU.ActiveCfg = Release|x64
		{6D35A31F-37A4-4D6B-A712-A0E0547CC049}.Release|Any CPU.Build.0 = Release|x64
		{6D35A31F-37A4-4D6B-A712-A0E0547CC049}.Release|x64.ActiveCfg = Release|x64
		{6D35A31F-37A4-4D6B-A712-A0E0547CC049}.Release|x64.Build.0 = Release|x64
		{2A07D5B8-B862-4AA0-8AAE-CCEA10EBF3FA}.Debug|Any CPU.ActiveCfg = Debug|x64
		{2A07D5B8-B862-4AA0-8AAE-CCEA10EBF3FA}.Debug|Any CPU.Build.0 = Debug|x64
		{2A07D5B8-B862-4AA0-8AAE-CCEA10EBF3FA}.Debug|x64.ActiveCfg = Debug|x64
		{2A07D5B8-B862-4AA0-8AAE-CCEA10EBF3FA}.Debug|x64.Build.0 = Debug|x64
		{2A07D5B8-B862-4AA0-8AAE-CCEA10EBF3FA}.Debug-Linux|Any CPU.ActiveCfg = Debug-Linux|x64
		{2A07D5B8-B862-4AA0-8AAE-CCEA10EBF3FA}.Debug-Linux|Any CPU.Build.0 = Debug-Linux|x64
		{2A07D5B8-B862-4AA0-8AAE-CCEA10EBF3FA}.Debug-Linux|x64.ActiveCfg = Debug-Linux|x64
		{2A07D5B8-B862-4AA0-8AAE-CCEA10EBF3FA}.Release|Any CPU.ActiveCfg = Release|x64
		{2A07D5B8-B862-4AA0-8AAE-CCEA10EBF3FA}.Release|Any CPU.Build.0 = Release|x64
		{2A07D5B8-B862-4AA0-8AAE-CCEA10EBF3FA}.Release|x64.ActiveCfg = Release|x64
		{A04F8C05-4464-4531-A666-B392F43D8D14}.Debug|Any CPU.ActiveCfg = Debug|x64
		{A04F8C05-4464-4531-A666-B392F43D8D14}.Debug|Any CPU.Build.0 = Debug|x64
		{A04F8C05-4464-4531-A666-B392F43D8D14}.Debug|x64.ActiveCfg = Debug|x64
		{A04F8C05-4464-4531-A666-B392F43D8D14}.Debug|x64.Build.0 = Debug|x64
		{A04F8C05-4464-4531-A666-B392F43D8D14}.Debug-Linux|Any CPU.ActiveCfg = Debug-Linux|x64
		{A04F8C05-4464-4531-A666-B392F43D8D14}.Debug-Linux|Any CPU.Build.0 = Debug-Linux|x64
		{A04F8C05-4464-4531-A666-B392F43D8D14}.Debug-Linux|x64.ActiveCfg = Debug-Linux|x64
		{A04F8C05-4464-4531-A666-B392F43D8D14}.Debug-Linux|x64.Build.0 = Debug-Linux|x64
		{A04F8C05-4464-4531-A666-B392F43D8D14}.Release|Any CPU.ActiveCfg = Release|x64
		{A04F8C05-4464-4531-A666-B392F43D8D14}.Release|Any CPU.Build.0 = Release|x64
		{A04F8C05-4464-4531-A666-B392F43D8D14}.Release|x64.ActiveCfg = Release|x64
		{A04F8C05-4464-4531-A666-B392F43D8D14}.Release|x64.Build.0 = Release|x64
		{6C1D8EC8-DB37-48CB-AC52-7DC7B572D7D5}.Debug|Any CPU.ActiveCfg = Debug|x64
		{6C1D8EC8-DB37-48CB-AC52-7DC7B572D7D5}.Debug|Any CPU.Build.0 = Debug|x64
		{6C1D8EC8-DB37-48CB-AC52-7DC7B572D7D5}.Debug|x64.ActiveCfg = Debug|x64
		{6C1D8EC8-DB37-48CB-AC52-7DC7B572D7D5}.Debug|x64.Build.0 = Debug|x64
		{6C1D8EC8-DB37-48CB-AC52-7DC7B572D7D5}.Debug-Linux|Any CPU.ActiveCfg = Debug-Linux|x64
		{6C1D8EC8-DB37-48CB-AC52-7DC7B572D7D5}.Debug-Linux|Any CPU.Build.0 = Debug-Linux|x64
		{6C1D8EC8-DB37-48CB-AC52-7DC7B572D7D5}.Debug-Linux|x64.ActiveCfg = Debug-Linux|x64
		{6C1D8EC8-DB37-48CB-AC52-7DC7B572D7D5}.Debug-Linux|x64.Build.0 = Debug-Linux|x64
		{6C1D8EC8-DB37-48CB-AC52-7DC7B572D7D5}.Release|Any CPU.ActiveCfg = Release|x64
		{6C1D8EC8-DB37-48CB-AC52-7DC7B572D7D5}.Release|Any CPU.Build.0 = Release|x64
		{6C1D8EC8-DB37-48CB-AC52-7DC7B572D7D5}.Release|x64.ActiveCfg = Release|x64
		{6C1D8EC8-DB37-48CB-AC52-7DC7B572D7D5}.Release|x64.Build.0 = Release|x64
		{B98478AB-7430-4168-8EB6-A9D51A4D9C1E}.Debug|Any CPU.ActiveCfg = Debug|x64
		{B98478AB-7430-4168-8EB6-A9D51A4D9C1E}.Debug|Any CPU.Build.0 = Debug|x64
		{B98478AB-7430-4168-8EB6-A9D51A4D9C1E}.Debug|x64.ActiveCfg = Debug|x64
		{B98478AB-7430-4168-8EB6-A9D51A4D9C1E}.Debug|x64.Build.0 = Debug|x64
		{B98478AB-7430-4168-8EB6-A9D51A4D9C1E}.Debug-Linux|Any CPU.ActiveCfg = Debug-Linux|x64
		{B98478AB-7430-4168-8EB6-A9D51A4D9C1E}.Debug-Linux|Any CPU.Build.0 = Debug-Linux|x64
		{B98478AB-7430-4168-8EB6-A9D51A4D9C1E}.Debug-Linux|x64.ActiveCfg = Debug-Linux|x64
		{B98478AB-7430-4168-8EB6-A9D51A4D9C1E}.Debug-Linux|x64.Build.0 = Debug-Linux|x64
		{B98478AB-7430-4168-8EB6-A9D51A4D9C1E}.Release|Any CPU.ActiveCfg = Release|x64
		{B98478AB-7430-4168-8EB6-A9D51A4D9C1E}.Release|Any CPU.Build.0 = Release|x64
		{B98478AB-7430-4168-8EB6-A9D51A4D9C1E}.Release|x64.ActiveCfg = Release|x64
		{B98478AB-7430-4168-8EB6-A9D51A4D9C1E}.Release|x64.Build.0 = Release|x64
		{03092AC2-1D1B-4872-A057-0D25B4A68875}.Debug|Any CPU.ActiveCfg = Debug|x64
		{03092AC2-1D1B-4872-A057-0D25B4A68875}.Debug|Any CPU.Build.0 = Debug|x64
		{03092AC2-1D1B-4872-A057-0D25B4A68875}.Debug|x64.ActiveCfg = Debug|x64
		{03092AC2-1D1B-4872-A057-0D25B4A68875}.Debug|x64.Build.0 = Debug|x64
		{03092AC2-1D1B-4872-A057-0D25B4A68875}.Debug-Linux|Any CPU.ActiveCfg = Debug-Linux|x64
		{03092AC2-1D1B-4872-A057-0D25B4A68875}.Debug-Linux|Any CPU.Build.0 = Debug-Linux|x64
		{03092AC2-1D1B-4872-A057-0D25B4A68875}.Debug-Linux|x64.ActiveCfg = Debug-Linux|x64
		{03092AC2-1D1B-4872-A057-0D25B4A68875}.Debug-Linux|x64.Build.0 = Debug-Linux|x64
		{03092AC2-1D1B-4872-A057-0D25B4A68875}.Release|Any CPU.ActiveCfg = Release|x64
		{03092AC2-1D1B-4872-A057-0D25B4A68875}.Release|Any CPU.Build.0 = Release|x64
		{03092AC2-1D1B-4872-A057-0D25B4A68875}.Release|x64.ActiveCfg = Release|x64
		{03092AC2-1D1B-4872-A057-0D25B4A68875}.Release|x64.Build.0 = Release|x64
		{5960716B-CC01-40B6-B13C-2DCD9920F8E0}.Debug|Any CPU.ActiveCfg = Debug|x64
		{5960716B-CC01-40B6-B13C-2DCD9920F8E0}.Debug|Any CPU.Build.0 = Debug|x64
		{5960716B-CC01-40B6-B13C-2DCD9920F8E0}.Debug|x64.ActiveCfg = Debug|x64
		{5960716B-CC01-40B6-B13C-2DCD9920F8E0}.Debug|x64.Build.0 = Debug|x64
		{5960716B-CC01-40B6-B13C-2DCD9920F8E0}.Debug-Linux|Any CPU.ActiveCfg = Debug-Linux|x64
		{5960716B-CC01-40B6-B13C-2DCD9920F8E0}.Debug-Linux|Any CPU.Build.0 = Debug-Linux|x64
		{5960716B-CC01-40B6-B13C-2DCD9920F8E0}.Debug-Linux|x64.ActiveCfg = Debug-Linux|x64
		{5960716B-CC01-40B6-B13C-2DCD9920F8E0}.Release|Any CPU.ActiveCfg = Release|x64
		{5960716B-CC01-40B6-B13C-2DCD9920F8E0}.Release|Any CPU.Build.0 = Release|x64
		{5960716B-CC01-40B6-B13C-2DCD9920F8E0}.Release|x64.ActiveCfg = Release|x64
		{796A9BE6-5B6C-4329-A1D9-235787383DBE}.Debug|Any CPU.ActiveCfg = Debug|x64
		{796A9BE6-5B6C-4329-A1D9-235787383DBE}.Debug|Any CPU.Build.0 = Debug|x64
		{796A9BE6-5B6C-4329-A1D9-235787383DBE}.Debug|x64.ActiveCfg = Debug|x64
		{796A9BE6-5B6C-4329-A1D9-235787383DBE}.Debug|x64.Build.0 = Debug|x64
		{796A9BE6-5B6C-4329-A1D9-235787383DBE}.Debug-Linux|Any CPU.ActiveCfg = Debug-Linux|x64
		{796A9BE6-5B6C-4329-A1D9-235787383DBE}.Debug-Linux|Any CPU.Build.0 = Debug-Linux|x64
		{796A9BE6-5B6C-4329-A1D9-235787383DBE}.Debug-Linux|x64.ActiveCfg = Debug-Linux|x64
		{796A9BE6-5B6C-4329-A1D9-235787383DBE}.Debug-Linux|x64.Build.0 = Debug-Linux|x64
		{796A9BE6-5B6C-4329-A1D9-235787383DBE}.Release|Any CPU.ActiveCfg = Release|x64
		{796A9BE6-5B6C-4329-A1D9-235787383DBE}.Release|Any CPU.Build.0 = Release|x64
		{796A9BE6-5B6C-4329-A1D9-235787383DBE}.Release|x64.ActiveCfg = Release|x64
		{796A9BE6-5B6C-4329-A1D9-235787383DBE}.Release|x64.Build.0 = Release|x64
		{CC6E8333-D62E-461C-9DF5-99C13B56F1FC}.Debug|Any CPU.ActiveCfg = Debug|Any CPU
		{CC6E8333-D62E-461C-9DF5-99C13B56F1FC}.Debug|Any CPU.Build.0 = Debug|Any CPU
		{CC6E8333-D62E-461C-9DF5-99C13B56F1FC}.Debug|x64.ActiveCfg = Debug|x64
		{CC6E8333-D62E-461C-9DF5-99C13B56F1FC}.Debug|x64.Build.0 = Debug|x64
		{CC6E8333-D62E-461C-9DF5-99C13B56F1FC}.Debug-Linux|Any CPU.ActiveCfg = Debug-Linux|Any CPU
		{CC6E8333-D62E-461C-9DF5-99C13B56F1FC}.Debug-Linux|Any CPU.Build.0 = Debug-Linux|Any CPU
		{CC6E8333-D62E-461C-9DF5-99C13B56F1FC}.Debug-Linux|x64.ActiveCfg = Debug-Linux|x64
		{CC6E8333-D62E-461C-9DF5-99C13B56F1FC}.Release|Any CPU.ActiveCfg = Release|Any CPU
		{CC6E8333-D62E-461C-9DF5-99C13B56F1FC}.Release|Any CPU.Build.0 = Release|Any CPU
		{CC6E8333-D62E-461C-9DF5-99C13B56F1FC}.Release|x64.ActiveCfg = Release|x64
		{CC6E8333-D62E-461C-9DF5-99C13B56F1FC}.Release|x64.Build.0 = Release|x64
		{2A780F4B-9FE9-4A05-ADE0-0645A99A9A3D}.Debug|Any CPU.ActiveCfg = Debug|Any CPU
		{2A780F4B-9FE9-4A05-ADE0-0645A99A9A3D}.Debug|Any CPU.Build.0 = Debug|Any CPU
		{2A780F4B-9FE9-4A05-ADE0-0645A99A9A3D}.Debug|x64.ActiveCfg = Debug|x64
		{2A780F4B-9FE9-4A05-ADE0-0645A99A9A3D}.Debug|x64.Build.0 = Debug|x64
		{2A780F4B-9FE9-4A05-ADE0-0645A99A9A3D}.Debug-Linux|Any CPU.ActiveCfg = Debug-Linux|Any CPU
		{2A780F4B-9FE9-4A05-ADE0-0645A99A9A3D}.Debug-Linux|Any CPU.Build.0 = Debug-Linux|Any CPU
		{2A780F4B-9FE9-4A05-ADE0-0645A99A9A3D}.Debug-Linux|x64.ActiveCfg = Debug-Linux|x64
		{2A780F4B-9FE9-4A05-ADE0-0645A99A9A3D}.Debug-Linux|x64.Build.0 = Debug-Linux|x64
		{2A780F4B-9FE9-4A05-ADE0-0645A99A9A3D}.Release|Any CPU.ActiveCfg = Release|Any CPU
		{2A780F4B-9FE9-4A05-ADE0-0645A99A9A3D}.Release|Any CPU.Build.0 = Release|Any CPU
		{2A780F4B-9FE9-4A05-ADE0-0645A99A9A3D}.Release|x64.ActiveCfg = Release|x64
		{2A780F4B-9FE9-4A05-ADE0-0645A99A9A3D}.Release|x64.Build.0 = Release|x64
		{3957CC5A-DD07-4E6B-B9A9-F05E212CC3B2}.Debug|Any CPU.ActiveCfg = Debug|x64
		{3957CC5A-DD07-4E6B-B9A9-F05E212CC3B2}.Debug|Any CPU.Build.0 = Debug|x64
		{3957CC5A-DD07-4E6B-B9A9-F05E212CC3B2}.Debug|x64.ActiveCfg = Debug|x64
		{3957CC5A-DD07-4E6B-B9A9-F05E212CC3B2}.Debug|x64.Build.0 = Debug|x64
		{3957CC5A-DD07-4E6B-B9A9-F05E212CC3B2}.Debug-Linux|Any CPU.ActiveCfg = Debug-Linux|x64
		{3957CC5A-DD07-4E6B-B9A9-F05E212CC3B2}.Debug-Linux|Any CPU.Build.0 = Debug-Linux|x64
		{3957CC5A-DD07-4E6B-B9A9-F05E212CC3B2}.Debug-Linux|x64.ActiveCfg = Debug-Linux|x64
		{3957CC5A-DD07-4E6B-B9A9-F05E212CC3B2}.Debug-Linux|x64.Build.0 = Debug-Linux|x64
		{3957CC5A-DD07-4E6B-B9A9-F05E212CC3B2}.Release|Any CPU.ActiveCfg = Release|x64
		{3957CC5A-DD07-4E6B-B9A9-F05E212CC3B2}.Release|Any CPU.Build.0 = Release|x64
		{3957CC5A-DD07-4E6B-B9A9-F05E212CC3B2}.Release|x64.ActiveCfg = Release|x64
		{3957CC5A-DD07-4E6B-B9A9-F05E212CC3B2}.Release|x64.Build.0 = Release|x64
		{5E9398BE-E2E8-4129-B86D-9139C9C6B9BD}.Debug|Any CPU.ActiveCfg = Debug|x64
		{5E9398BE-E2E8-4129-B86D-9139C9C6B9BD}.Debug|Any CPU.Build.0 = Debug|x64
		{5E9398BE-E2E8-4129-B86D-9139C9C6B9BD}.Debug|x64.ActiveCfg = Debug|x64
		{5E9398BE-E2E8-4129-B86D-9139C9C6B9BD}.Debug|x64.Build.0 = Debug|x64
		{5E9398BE-E2E8-4129-B86D-9139C9C6B9BD}.Debug-Linux|Any CPU.ActiveCfg = Debug-Linux|x64
		{5E9398BE-E2E8-4129-B86D-9139C9C6B9BD}.Debug-Linux|Any CPU.Build.0 = Debug-Linux|x64
		{5E9398BE-E2E8-4129-B86D-9139C9C6B9BD}.Debug-Linux|x64.ActiveCfg = Debug-Linux|x64
		{5E9398BE-E2E8-4129-B86D-9139C9C6B9BD}.Debug-Linux|x64.Build.0 = Debug-Linux|x64
		{5E9398BE-E2E8-4129-B86D-9139C9C6B9BD}.Release|Any CPU.ActiveCfg = Release|x64
		{5E9398BE-E2E8-4129-B86D-9139C9C6B9BD}.Release|Any CPU.Build.0 = Release|x64
		{5E9398BE-E2E8-4129-B86D-9139C9C6B9BD}.Release|x64.ActiveCfg = Release|x64
		{5E9398BE-E2E8-4129-B86D-9139C9C6B9BD}.Release|x64.Build.0 = Release|x64
		{EA91A605-1A11-47A0-A5F7-C5BB2C99A559}.Debug|Any CPU.ActiveCfg = Debug|x64
		{EA91A605-1A11-47A0-A5F7-C5BB2C99A559}.Debug|Any CPU.Build.0 = Debug|x64
		{EA91A605-1A11-47A0-A5F7-C5BB2C99A559}.Debug|x64.ActiveCfg = Debug|x64
		{EA91A605-1A11-47A0-A5F7-C5BB2C99A559}.Debug|x64.Build.0 = Debug|x64
		{EA91A605-1A11-47A0-A5F7-C5BB2C99A559}.Debug-Linux|Any CPU.ActiveCfg = Debug-Linux|x64
		{EA91A605-1A11-47A0-A5F7-C5BB2C99A559}.Debug-Linux|Any CPU.Build.0 = Debug-Linux|x64
		{EA91A605-1A11-47A0-A5F7-C5BB2C99A559}.Debug-Linux|x64.ActiveCfg = Debug-Linux|x64
		{EA91A605-1A11-47A0-A5F7-C5BB2C99A559}.Debug-Linux|x64.Build.0 = Debug-Linux|x64
		{EA91A605-1A11-47A0-A5F7-C5BB2C99A559}.Release|Any CPU.ActiveCfg = Release|x64
		{EA91A605-1A11-47A0-A5F7-C5BB2C99A559}.Release|Any CPU.Build.0 = Release|x64
		{EA91A605-1A11-47A0-A5F7-C5BB2C99A559}.Release|x64.ActiveCfg = Release|x64
		{EA91A605-1A11-47A0-A5F7-C5BB2C99A559}.Release|x64.Build.0 = Release|x64
		{7C7279CA-63FF-4747-B332-965091DD8611}.Debug|Any CPU.ActiveCfg = Debug|x64
		{7C7279CA-63FF-4747-B332-965091DD8611}.Debug|Any CPU.Build.0 = Debug|x64
		{7C7279CA-63FF-4747-B332-965091DD8611}.Debug|x64.ActiveCfg = Debug|x64
		{7C7279CA-63FF-4747-B332-965091DD8611}.Debug|x64.Build.0 = Debug|x64
		{7C7279CA-63FF-4747-B332-965091DD8611}.Debug-Linux|Any CPU.ActiveCfg = Debug-Linux|x64
		{7C7279CA-63FF-4747-B332-965091DD8611}.Debug-Linux|Any CPU.Build.0 = Debug-Linux|x64
		{7C7279CA-63FF-4747-B332-965091DD8611}.Debug-Linux|x64.ActiveCfg = Debug-Linux|x64
		{7C7279CA-63FF-4747-B332-965091DD8611}.Debug-Linux|x64.Build.0 = Debug-Linux|x64
		{7C7279CA-63FF-4747-B332-965091DD8611}.Release|Any CPU.ActiveCfg = Release|x64
		{7C7279CA-63FF-4747-B332-965091DD8611}.Release|Any CPU.Build.0 = Release|x64
		{7C7279CA-63FF-4747-B332-965091DD8611}.Release|x64.ActiveCfg = Release|x64
		{7C7279CA-63FF-4747-B332-965091DD8611}.Release|x64.Build.0 = Release|x64
		{BA888C77-BB48-4910-9C05-25F6BD425E8A}.Debug|Any CPU.ActiveCfg = Debug|Any CPU
		{BA888C77-BB48-4910-9C05-25F6BD425E8A}.Debug|Any CPU.Build.0 = Debug|Any CPU
		{BA888C77-BB48-4910-9C05-25F6BD425E8A}.Debug|x64.ActiveCfg = Debug|Any CPU
		{BA888C77-BB48-4910-9C05-25F6BD425E8A}.Debug|x64.Build.0 = Debug|Any CPU
		{BA888C77-BB48-4910-9C05-25F6BD425E8A}.Debug-Linux|Any CPU.ActiveCfg = Debug|Any CPU
		{BA888C77-BB48-4910-9C05-25F6BD425E8A}.Debug-Linux|Any CPU.Build.0 = Debug|Any CPU
		{BA888C77-BB48-4910-9C05-25F6BD425E8A}.Debug-Linux|x64.ActiveCfg = Debug|Any CPU
		{BA888C77-BB48-4910-9C05-25F6BD425E8A}.Debug-Linux|x64.Build.0 = Debug|Any CPU
		{BA888C77-BB48-4910-9C05-25F6BD425E8A}.Release|Any CPU.ActiveCfg = Release|Any CPU
		{BA888C77-BB48-4910-9C05-25F6BD425E8A}.Release|Any CPU.Build.0 = Release|Any CPU
		{BA888C77-BB48-4910-9C05-25F6BD425E8A}.Release|x64.ActiveCfg = Release|Any CPU
		{BA888C77-BB48-4910-9C05-25F6BD425E8A}.Release|x64.Build.0 = Release|Any CPU
	EndGlobalSection
	GlobalSection(SolutionProperties) = preSolution
		HideSolutionNode = FALSE
	EndGlobalSection
	GlobalSection(NestedProjects) = preSolution
		{2A07D5B8-B862-4AA0-8AAE-CCEA10EBF3FA} = {C6A5B02E-558C-4594-95DB-C12B2694EE1B}
		{5960716B-CC01-40B6-B13C-2DCD9920F8E0} = {C6A5B02E-558C-4594-95DB-C12B2694EE1B}
		{CC6E8333-D62E-461C-9DF5-99C13B56F1FC} = {C6A5B02E-558C-4594-95DB-C12B2694EE1B}
		{2A780F4B-9FE9-4A05-ADE0-0645A99A9A3D} = {ACCB3A60-EEFE-46D6-9CA9-31457EF454C3}
		{3957CC5A-DD07-4E6B-B9A9-F05E212CC3B2} = {A47643E2-2AC1-4DF1-BEE3-2AE63C7901B5}
		{EA91A605-1A11-47A0-A5F7-C5BB2C99A559} = {C6A5B02E-558C-4594-95DB-C12B2694EE1B}
		{BA888C77-BB48-4910-9C05-25F6BD425E8A} = {A47643E2-2AC1-4DF1-BEE3-2AE63C7901B5}
	EndGlobalSection
	GlobalSection(ExtensibilityGlobals) = postSolution
		SolutionGuid = {442101DB-44FD-4852-8822-6A9E88961410}
	EndGlobalSection
EndGlobal
