
Microsoft Visual Studio Solution File, Format Version 12.00
# Visual Studio Version 17
VisualStudioVersion = 17.3.32922.545
MinimumVisualStudioVersion = 10.0.40219.1
Project("{9A19103F-16F7-4668-BE54-9A1E7A4F7556}") = "REngine.Core", "REngine.Core\REngine.Core.csproj", "{72C4FF7A-ACD1-487F-9636-8781FD9F756A}"
EndProject
Project("{9A19103F-16F7-4668-BE54-9A1E7A4F7556}") = "REngine.RHI", "REngine.RHI\REngine.RHI.csproj", "{6D35A31F-37A4-4D6B-A712-A0E0547CC049}"
EndProject
Project("{2150E333-8FDC-42A3-9474-1A3956D46DE8}") = "Tests", "Tests", "{C6A5B02E-558C-4594-95DB-C12B2694EE1B}"
EndProject
Project("{9A19103F-16F7-4668-BE54-9A1E7A4F7556}") = "REngine.Sandbox", "REngine.Sandbox\REngine.Sandbox.csproj", "{A04F8C05-4464-4531-A666-B392F43D8D14}"
	ProjectSection(ProjectDependencies) = postProject
		{B98478AB-7430-4168-8EB6-A9D51A4D9C1E} = {B98478AB-7430-4168-8EB6-A9D51A4D9C1E}
	EndProjectSection
EndProject
Project("{2150E333-8FDC-42A3-9474-1A3956D46DE8}") = "Solution Items", "Solution Items", "{851691E9-98BE-43A0-B175-9B21A36FCDDC}"
	ProjectSection(SolutionItems) = preProject
		.editorconfig = .editorconfig
	EndProjectSection
EndProject
Project("{9A19103F-16F7-4668-BE54-9A1E7A4F7556}") = "REngine.RPI", "REngine.RPI\REngine.RPI.csproj", "{B98478AB-7430-4168-8EB6-A9D51A4D9C1E}"
EndProject
Project("{9A19103F-16F7-4668-BE54-9A1E7A4F7556}") = "REngine.Assets", "REngine.Assets\REngine.Assets.csproj", "{03092AC2-1D1B-4872-A057-0D25B4A68875}"
EndProject
Project("{9A19103F-16F7-4668-BE54-9A1E7A4F7556}") = "REngine.RHI.NativeDriver", "REngine.RHI.NativeDriver\REngine.RHI.NativeDriver.csproj", "{796A9BE6-5B6C-4329-A1D9-235787383DBE}"
EndProject
Project("{9A19103F-16F7-4668-BE54-9A1E7A4F7556}") = "REngine.RHI.NativeDriver.Playground", "REngine.RHI.NativeDriver.Sandbox\REngine.RHI.NativeDriver.Playground.csproj", "{2A780F4B-9FE9-4A05-ADE0-0645A99A9A3D}"
EndProject
Project("{2150E333-8FDC-42A3-9474-1A3956D46DE8}") = "Playground", "Playground", "{ACCB3A60-EEFE-46D6-9CA9-31457EF454C3}"
EndProject
Project("{2150E333-8FDC-42A3-9474-1A3956D46DE8}") = "ThirdParty", "ThirdParty", "{A47643E2-2AC1-4DF1-BEE3-2AE63C7901B5}"
EndProject
Project("{9A19103F-16F7-4668-BE54-9A1E7A4F7556}") = "GLFW.NET", "ThirdParty\GLFW.NET\GLFW.NET.csproj", "{3957CC5A-DD07-4E6B-B9A9-F05E212CC3B2}"
EndProject
Project("{9A19103F-16F7-4668-BE54-9A1E7A4F7556}") = "REngine.Windows", "REngine.Windows\REngine.Windows.csproj", "{5E9398BE-E2E8-4129-B86D-9139C9C6B9BD}"
EndProject
Project("{9A19103F-16F7-4668-BE54-9A1E7A4F7556}") = "REngine.RPI.RenderGraph", "REngine.RPI.RenderGraph\REngine.RPI.RenderGraph.csproj", "{7C7279CA-63FF-4747-B332-965091DD8611}"
EndProject
Project("{9A19103F-16F7-4668-BE54-9A1E7A4F7556}") = "FreeTypeSharp", "ThirdParty\FreeTypeSharp\FreeTypeSharp.csproj", "{BA888C77-BB48-4910-9C05-25F6BD425E8A}"
EndProject
Project("{9A19103F-16F7-4668-BE54-9A1E7A4F7556}") = "Tracy", "ThirdParty\Tracy\Tracy.csproj", "{82939AC8-0680-4C79-BF3B-97E97CCB103C}"
EndProject
Project("{2150E333-8FDC-42A3-9474-1A3956D46DE8}") = "Platforms", "Platforms", "{1DB13791-CCAF-42A7-830B-85241C369497}"
EndProject
Project("{9A19103F-16F7-4668-BE54-9A1E7A4F7556}") = "REngine.Android.Sandbox", "REngine.Android.Sandbox\REngine.Android.Sandbox.csproj", "{1058CF80-A8B3-4E70-96AA-FC110763C02F}"
EndProject
Project("{9A19103F-16F7-4668-BE54-9A1E7A4F7556}") = "REngine.Android.Windows", "Platforms\REngine.Android.Windows\REngine.Android.Windows.csproj", "{782E2A40-7812-4A2C-B007-90291F8165D4}"
EndProject
Project("{2150E333-8FDC-42A3-9474-1A3956D46DE8}") = "ImGui", "ImGui", "{403D5724-7830-4410-8631-704A95AB5129}"
EndProject
Project("{9A19103F-16F7-4668-BE54-9A1E7A4F7556}") = "ImGui.NET", "ThirdParty\ImGui.NET\ImGui.NET\ImGui.NET.csproj", "{F5BE5A98-786A-4CFB-8BBE-0B62C965F7DC}"
EndProject
Project("{9A19103F-16F7-4668-BE54-9A1E7A4F7556}") = "ImGuizmo.NET", "ThirdParty\ImGui.NET\ImGuizmo.NET\ImGuizmo.NET.csproj", "{67105FF1-9408-4AB9-9C2B-D22AE56215A3}"
EndProject
Project("{9A19103F-16F7-4668-BE54-9A1E7A4F7556}") = "ImNodes.NET", "ThirdParty\ImGui.NET\ImNodes.NET\ImNodes.NET.csproj", "{1DFEBF6C-1026-4C1C-9C33-C7FFFB07A8E9}"
EndProject
Project("{9A19103F-16F7-4668-BE54-9A1E7A4F7556}") = "ImPlot.NET", "ThirdParty\ImGui.NET\ImPlot.NET\ImPlot.NET.csproj", "{60BC53A0-E28E-4845-8D3A-FD467F6CDF07}"
EndProject
Project("{2150E333-8FDC-42A3-9474-1A3956D46DE8}") = "Contents", "Contents", "{BAF65069-A1A9-46B0-9C2F-7AC4F51F855F}"
EndProject
Project("{9A19103F-16F7-4668-BE54-9A1E7A4F7556}") = "REngine.Contents", "REngine.Contents\REngine.Contents.csproj", "{5BD33E5D-104B-440A-84C0-5FFADD0E4354}"
EndProject
Project("{FAE04EC0-301F-11D3-BF4B-00C04F79EFBC}") = "REngine.Core.Android", "Platforms\REngine.Core.Android\REngine.Core.Android.csproj", "{8A110BDB-DC8C-4FBD-83B8-6D10E6B9E818}"
EndProject
Project("{2150E333-8FDC-42A3-9474-1A3956D46DE8}") = "Tools", "Tools", "{0F7B4701-8DD5-4EAA-A3CB-9E8AEA41F9AF}"
EndProject
Project("{9A19103F-16F7-4668-BE54-9A1E7A4F7556}") = "REngine.Tools.AssetServer", "Tools\REngine.Tools.AssetServer\REngine.Tools.AssetServer.csproj", "{C788C399-EB26-485B-A92E-4389187BC11B}"
EndProject
Project("{9A19103F-16F7-4668-BE54-9A1E7A4F7556}") = "REngine.Core.Desktop", "Platforms\REngine.Core.Desktop\REngine.Core.Desktop.csproj", "{B7144223-AC7C-4EFE-9A63-FFF408DC259A}"
EndProject
Project("{2150E333-8FDC-42A3-9474-1A3956D46DE8}") = "Samples", "Samples", "{10E1A4DB-7BAF-4677-862F-2C1B981FCAAF}"
EndProject
Project("{FAE04EC0-301F-11D3-BF4B-00C04F79EFBC}") = "REngine.Sandbox.Samples", "Samples\REngine.Sandbox.Samples\REngine.Sandbox.Samples.csproj", "{1D8424C6-B41C-4735-A1EB-96E808EA0399}"
EndProject
Project("{FAE04EC0-301F-11D3-BF4B-00C04F79EFBC}") = "REngine.Sandbox.PongGame", "Samples\REngine.Sandbox.PongGame\REngine.Sandbox.PongGame.csproj", "{4DA70C50-8B2C-45B4-A879-D6C107AFD0AC}"
EndProject
Project("{FAE04EC0-301F-11D3-BF4B-00C04F79EFBC}") = "REngine.Sandbox.BaseSample", "Samples\REngine.Sandbox.BaseSample\REngine.Sandbox.BaseSample.csproj", "{8D7DCD69-C466-4D65-A955-190197E9CA74}"
EndProject
Global
	GlobalSection(SolutionConfigurationPlatforms) = preSolution
		Debug|x64 = Debug|x64
		Debug-Android|x64 = Debug-Android|x64
		Debug-Android-Profiler|x64 = Debug-Android-Profiler|x64
		Debug-Linux|x64 = Debug-Linux|x64
		Debug-Profiler|x64 = Debug-Profiler|x64
		Release|x64 = Release|x64
		Release-Profiler|x64 = Release-Profiler|x64
	EndGlobalSection
	GlobalSection(ProjectConfigurationPlatforms) = postSolution
		{72C4FF7A-ACD1-487F-9636-8781FD9F756A}.Debug|x64.ActiveCfg = Debug|x64
		{72C4FF7A-ACD1-487F-9636-8781FD9F756A}.Debug|x64.Build.0 = Debug|x64
		{72C4FF7A-ACD1-487F-9636-8781FD9F756A}.Debug-Android|x64.ActiveCfg = Debug-Android|x64
		{72C4FF7A-ACD1-487F-9636-8781FD9F756A}.Debug-Android|x64.Build.0 = Debug-Android|x64
		{72C4FF7A-ACD1-487F-9636-8781FD9F756A}.Debug-Android-Profiler|x64.ActiveCfg = Debug-Android-Profiler|x64
		{72C4FF7A-ACD1-487F-9636-8781FD9F756A}.Debug-Android-Profiler|x64.Build.0 = Debug-Android-Profiler|x64
		{72C4FF7A-ACD1-487F-9636-8781FD9F756A}.Debug-Linux|x64.ActiveCfg = Debug-Linux|x64
		{72C4FF7A-ACD1-487F-9636-8781FD9F756A}.Debug-Linux|x64.Build.0 = Debug-Linux|x64
		{72C4FF7A-ACD1-487F-9636-8781FD9F756A}.Debug-Profiler|x64.ActiveCfg = Debug-Profiler|x64
		{72C4FF7A-ACD1-487F-9636-8781FD9F756A}.Debug-Profiler|x64.Build.0 = Debug-Profiler|x64
		{72C4FF7A-ACD1-487F-9636-8781FD9F756A}.Release|x64.ActiveCfg = Release|x64
		{72C4FF7A-ACD1-487F-9636-8781FD9F756A}.Release|x64.Build.0 = Release|x64
		{72C4FF7A-ACD1-487F-9636-8781FD9F756A}.Release|x64.Deploy.0 = Release|x64
		{72C4FF7A-ACD1-487F-9636-8781FD9F756A}.Release-Profiler|x64.ActiveCfg = Release-Profiler|x64
		{72C4FF7A-ACD1-487F-9636-8781FD9F756A}.Release-Profiler|x64.Build.0 = Release-Profiler|x64
		{6D35A31F-37A4-4D6B-A712-A0E0547CC049}.Debug|x64.ActiveCfg = Debug|x64
		{6D35A31F-37A4-4D6B-A712-A0E0547CC049}.Debug|x64.Build.0 = Debug|x64
		{6D35A31F-37A4-4D6B-A712-A0E0547CC049}.Debug-Android|x64.ActiveCfg = Debug-Android|x64
		{6D35A31F-37A4-4D6B-A712-A0E0547CC049}.Debug-Android|x64.Build.0 = Debug-Android|x64
		{6D35A31F-37A4-4D6B-A712-A0E0547CC049}.Debug-Android-Profiler|x64.ActiveCfg = Debug-Android-Profiler|x64
		{6D35A31F-37A4-4D6B-A712-A0E0547CC049}.Debug-Android-Profiler|x64.Build.0 = Debug-Android-Profiler|x64
		{6D35A31F-37A4-4D6B-A712-A0E0547CC049}.Debug-Linux|x64.ActiveCfg = Debug-Linux|x64
		{6D35A31F-37A4-4D6B-A712-A0E0547CC049}.Debug-Linux|x64.Build.0 = Debug-Linux|x64
		{6D35A31F-37A4-4D6B-A712-A0E0547CC049}.Debug-Profiler|x64.ActiveCfg = Debug-Profiler|x64
		{6D35A31F-37A4-4D6B-A712-A0E0547CC049}.Debug-Profiler|x64.Build.0 = Debug-Profiler|x64
		{6D35A31F-37A4-4D6B-A712-A0E0547CC049}.Release|x64.ActiveCfg = Release|x64
		{6D35A31F-37A4-4D6B-A712-A0E0547CC049}.Release|x64.Build.0 = Release|x64
		{6D35A31F-37A4-4D6B-A712-A0E0547CC049}.Release|x64.Deploy.0 = Release|x64
		{6D35A31F-37A4-4D6B-A712-A0E0547CC049}.Release-Profiler|x64.ActiveCfg = Release-Profiler|x64
		{6D35A31F-37A4-4D6B-A712-A0E0547CC049}.Release-Profiler|x64.Build.0 = Release-Profiler|x64
		{A04F8C05-4464-4531-A666-B392F43D8D14}.Debug|x64.ActiveCfg = Debug|x64
		{A04F8C05-4464-4531-A666-B392F43D8D14}.Debug|x64.Build.0 = Debug|x64
		{A04F8C05-4464-4531-A666-B392F43D8D14}.Debug-Android|x64.ActiveCfg = Debug-Android|x64
		{A04F8C05-4464-4531-A666-B392F43D8D14}.Debug-Android-Profiler|x64.ActiveCfg = Debug-Android-Profiler|x64
		{A04F8C05-4464-4531-A666-B392F43D8D14}.Debug-Linux|x64.ActiveCfg = Debug-Linux|x64
		{A04F8C05-4464-4531-A666-B392F43D8D14}.Debug-Linux|x64.Build.0 = Debug-Linux|x64
		{A04F8C05-4464-4531-A666-B392F43D8D14}.Debug-Profiler|x64.ActiveCfg = Debug-Profiler|x64
		{A04F8C05-4464-4531-A666-B392F43D8D14}.Debug-Profiler|x64.Build.0 = Debug-Profiler|x64
		{A04F8C05-4464-4531-A666-B392F43D8D14}.Release|x64.ActiveCfg = Release|x64
		{A04F8C05-4464-4531-A666-B392F43D8D14}.Release|x64.Build.0 = Release|x64
		{A04F8C05-4464-4531-A666-B392F43D8D14}.Release|x64.Deploy.0 = Release|x64
		{A04F8C05-4464-4531-A666-B392F43D8D14}.Release-Profiler|x64.ActiveCfg = Release-Profiler|x64
		{A04F8C05-4464-4531-A666-B392F43D8D14}.Release-Profiler|x64.Build.0 = Release-Profiler|x64
		{B98478AB-7430-4168-8EB6-A9D51A4D9C1E}.Debug|x64.ActiveCfg = Debug|x64
		{B98478AB-7430-4168-8EB6-A9D51A4D9C1E}.Debug|x64.Build.0 = Debug|x64
		{B98478AB-7430-4168-8EB6-A9D51A4D9C1E}.Debug-Android|x64.ActiveCfg = Debug-Android|x64
		{B98478AB-7430-4168-8EB6-A9D51A4D9C1E}.Debug-Android|x64.Build.0 = Debug-Android|x64
		{B98478AB-7430-4168-8EB6-A9D51A4D9C1E}.Debug-Android-Profiler|x64.ActiveCfg = Debug-Android-Profiler|x64
		{B98478AB-7430-4168-8EB6-A9D51A4D9C1E}.Debug-Android-Profiler|x64.Build.0 = Debug-Android-Profiler|x64
		{B98478AB-7430-4168-8EB6-A9D51A4D9C1E}.Debug-Linux|x64.ActiveCfg = Debug-Linux|x64
		{B98478AB-7430-4168-8EB6-A9D51A4D9C1E}.Debug-Linux|x64.Build.0 = Debug-Linux|x64
		{B98478AB-7430-4168-8EB6-A9D51A4D9C1E}.Debug-Profiler|x64.ActiveCfg = Debug-Profiler|x64
		{B98478AB-7430-4168-8EB6-A9D51A4D9C1E}.Debug-Profiler|x64.Build.0 = Debug-Profiler|x64
		{B98478AB-7430-4168-8EB6-A9D51A4D9C1E}.Release|x64.ActiveCfg = Release|x64
		{B98478AB-7430-4168-8EB6-A9D51A4D9C1E}.Release|x64.Build.0 = Release|x64
		{B98478AB-7430-4168-8EB6-A9D51A4D9C1E}.Release|x64.Deploy.0 = Release|x64
		{B98478AB-7430-4168-8EB6-A9D51A4D9C1E}.Release-Profiler|x64.ActiveCfg = Release-Profiler|x64
		{B98478AB-7430-4168-8EB6-A9D51A4D9C1E}.Release-Profiler|x64.Build.0 = Release-Profiler|x64
		{03092AC2-1D1B-4872-A057-0D25B4A68875}.Debug|x64.ActiveCfg = Debug|x64
		{03092AC2-1D1B-4872-A057-0D25B4A68875}.Debug|x64.Build.0 = Debug|x64
		{03092AC2-1D1B-4872-A057-0D25B4A68875}.Debug-Android|x64.ActiveCfg = Debug-Android|x64
		{03092AC2-1D1B-4872-A057-0D25B4A68875}.Debug-Android|x64.Build.0 = Debug-Android|x64
		{03092AC2-1D1B-4872-A057-0D25B4A68875}.Debug-Android-Profiler|x64.ActiveCfg = Debug-Android-Profiler|x64
		{03092AC2-1D1B-4872-A057-0D25B4A68875}.Debug-Android-Profiler|x64.Build.0 = Debug-Android-Profiler|x64
		{03092AC2-1D1B-4872-A057-0D25B4A68875}.Debug-Linux|x64.ActiveCfg = Debug-Linux|x64
		{03092AC2-1D1B-4872-A057-0D25B4A68875}.Debug-Linux|x64.Build.0 = Debug-Linux|x64
		{03092AC2-1D1B-4872-A057-0D25B4A68875}.Debug-Profiler|x64.ActiveCfg = Debug-Profiler|x64
		{03092AC2-1D1B-4872-A057-0D25B4A68875}.Debug-Profiler|x64.Build.0 = Debug-Profiler|x64
		{03092AC2-1D1B-4872-A057-0D25B4A68875}.Release|x64.ActiveCfg = Release|x64
		{03092AC2-1D1B-4872-A057-0D25B4A68875}.Release|x64.Build.0 = Release|x64
		{03092AC2-1D1B-4872-A057-0D25B4A68875}.Release|x64.Deploy.0 = Release|x64
		{03092AC2-1D1B-4872-A057-0D25B4A68875}.Release-Profiler|x64.ActiveCfg = Release-Profiler|x64
		{03092AC2-1D1B-4872-A057-0D25B4A68875}.Release-Profiler|x64.Build.0 = Release-Profiler|x64
		{796A9BE6-5B6C-4329-A1D9-235787383DBE}.Debug|x64.ActiveCfg = Debug|x64
		{796A9BE6-5B6C-4329-A1D9-235787383DBE}.Debug|x64.Build.0 = Debug|x64
		{796A9BE6-5B6C-4329-A1D9-235787383DBE}.Debug-Android|x64.ActiveCfg = Debug-Android|x64
		{796A9BE6-5B6C-4329-A1D9-235787383DBE}.Debug-Android|x64.Build.0 = Debug-Android|x64
		{796A9BE6-5B6C-4329-A1D9-235787383DBE}.Debug-Android-Profiler|x64.ActiveCfg = Debug-Android-Profiler|x64
		{796A9BE6-5B6C-4329-A1D9-235787383DBE}.Debug-Android-Profiler|x64.Build.0 = Debug-Android-Profiler|x64
		{796A9BE6-5B6C-4329-A1D9-235787383DBE}.Debug-Linux|x64.ActiveCfg = Debug-Linux|x64
		{796A9BE6-5B6C-4329-A1D9-235787383DBE}.Debug-Linux|x64.Build.0 = Debug-Linux|x64
		{796A9BE6-5B6C-4329-A1D9-235787383DBE}.Debug-Profiler|x64.ActiveCfg = Debug-Profiler|x64
		{796A9BE6-5B6C-4329-A1D9-235787383DBE}.Debug-Profiler|x64.Build.0 = Debug-Profiler|x64
		{796A9BE6-5B6C-4329-A1D9-235787383DBE}.Release|x64.ActiveCfg = Release|x64
		{796A9BE6-5B6C-4329-A1D9-235787383DBE}.Release|x64.Build.0 = Release|x64
		{796A9BE6-5B6C-4329-A1D9-235787383DBE}.Release|x64.Deploy.0 = Release|x64
		{796A9BE6-5B6C-4329-A1D9-235787383DBE}.Release-Profiler|x64.ActiveCfg = Release|x64
		{796A9BE6-5B6C-4329-A1D9-235787383DBE}.Release-Profiler|x64.Build.0 = Release|x64
		{2A780F4B-9FE9-4A05-ADE0-0645A99A9A3D}.Debug|x64.ActiveCfg = Debug|x64
		{2A780F4B-9FE9-4A05-ADE0-0645A99A9A3D}.Debug-Android|x64.ActiveCfg = Debug-Linux|x64
		{2A780F4B-9FE9-4A05-ADE0-0645A99A9A3D}.Debug-Android-Profiler|x64.ActiveCfg = Debug-Android-Profiler|x64
		{2A780F4B-9FE9-4A05-ADE0-0645A99A9A3D}.Debug-Linux|x64.ActiveCfg = Debug-Linux|x64
		{2A780F4B-9FE9-4A05-ADE0-0645A99A9A3D}.Debug-Linux|x64.Build.0 = Debug-Linux|x64
		{2A780F4B-9FE9-4A05-ADE0-0645A99A9A3D}.Debug-Profiler|x64.ActiveCfg = Debug-Linux|x64
		{2A780F4B-9FE9-4A05-ADE0-0645A99A9A3D}.Release|x64.ActiveCfg = Release|x64
		{2A780F4B-9FE9-4A05-ADE0-0645A99A9A3D}.Release-Profiler|x64.ActiveCfg = Release|x64
		{3957CC5A-DD07-4E6B-B9A9-F05E212CC3B2}.Debug|x64.ActiveCfg = Debug|x64
		{3957CC5A-DD07-4E6B-B9A9-F05E212CC3B2}.Debug|x64.Build.0 = Debug|x64
		{3957CC5A-DD07-4E6B-B9A9-F05E212CC3B2}.Debug-Android|x64.ActiveCfg = Debug|x64
		{3957CC5A-DD07-4E6B-B9A9-F05E212CC3B2}.Debug-Android-Profiler|x64.ActiveCfg = Debug-Android-Profiler|x64
		{3957CC5A-DD07-4E6B-B9A9-F05E212CC3B2}.Debug-Linux|x64.ActiveCfg = Debug-Linux|x64
		{3957CC5A-DD07-4E6B-B9A9-F05E212CC3B2}.Debug-Linux|x64.Build.0 = Debug-Linux|x64
		{3957CC5A-DD07-4E6B-B9A9-F05E212CC3B2}.Debug-Profiler|x64.ActiveCfg = Debug|x64
		{3957CC5A-DD07-4E6B-B9A9-F05E212CC3B2}.Debug-Profiler|x64.Build.0 = Debug|x64
		{3957CC5A-DD07-4E6B-B9A9-F05E212CC3B2}.Release|x64.ActiveCfg = Release|x64
		{3957CC5A-DD07-4E6B-B9A9-F05E212CC3B2}.Release|x64.Build.0 = Release|x64
		{3957CC5A-DD07-4E6B-B9A9-F05E212CC3B2}.Release|x64.Deploy.0 = Release|x64
		{3957CC5A-DD07-4E6B-B9A9-F05E212CC3B2}.Release-Profiler|x64.ActiveCfg = Release|x64
		{3957CC5A-DD07-4E6B-B9A9-F05E212CC3B2}.Release-Profiler|x64.Build.0 = Release|x64
		{5E9398BE-E2E8-4129-B86D-9139C9C6B9BD}.Debug|x64.ActiveCfg = Debug|x64
		{5E9398BE-E2E8-4129-B86D-9139C9C6B9BD}.Debug|x64.Build.0 = Debug|x64
		{5E9398BE-E2E8-4129-B86D-9139C9C6B9BD}.Debug-Android|x64.ActiveCfg = Debug|x64
		{5E9398BE-E2E8-4129-B86D-9139C9C6B9BD}.Debug-Android-Profiler|x64.ActiveCfg = Debug-Android-Profiler|x64
		{5E9398BE-E2E8-4129-B86D-9139C9C6B9BD}.Debug-Linux|x64.ActiveCfg = Debug-Linux|x64
		{5E9398BE-E2E8-4129-B86D-9139C9C6B9BD}.Debug-Linux|x64.Build.0 = Debug-Linux|x64
		{5E9398BE-E2E8-4129-B86D-9139C9C6B9BD}.Debug-Profiler|x64.ActiveCfg = Debug-Profiler|x64
		{5E9398BE-E2E8-4129-B86D-9139C9C6B9BD}.Debug-Profiler|x64.Build.0 = Debug-Profiler|x64
		{5E9398BE-E2E8-4129-B86D-9139C9C6B9BD}.Release|x64.ActiveCfg = Release|x64
		{5E9398BE-E2E8-4129-B86D-9139C9C6B9BD}.Release|x64.Build.0 = Release|x64
		{5E9398BE-E2E8-4129-B86D-9139C9C6B9BD}.Release|x64.Deploy.0 = Release|x64
		{5E9398BE-E2E8-4129-B86D-9139C9C6B9BD}.Release-Profiler|x64.ActiveCfg = Release|x64
		{5E9398BE-E2E8-4129-B86D-9139C9C6B9BD}.Release-Profiler|x64.Build.0 = Release|x64
		{7C7279CA-63FF-4747-B332-965091DD8611}.Debug|x64.ActiveCfg = Debug|x64
		{7C7279CA-63FF-4747-B332-965091DD8611}.Debug|x64.Build.0 = Debug|x64
		{7C7279CA-63FF-4747-B332-965091DD8611}.Debug-Android|x64.ActiveCfg = Debug-Android|x64
		{7C7279CA-63FF-4747-B332-965091DD8611}.Debug-Android|x64.Build.0 = Debug-Android|x64
		{7C7279CA-63FF-4747-B332-965091DD8611}.Debug-Android-Profiler|x64.ActiveCfg = Debug-Android-Profiler|x64
		{7C7279CA-63FF-4747-B332-965091DD8611}.Debug-Android-Profiler|x64.Build.0 = Debug-Android-Profiler|x64
		{7C7279CA-63FF-4747-B332-965091DD8611}.Debug-Linux|x64.ActiveCfg = Debug-Linux|x64
		{7C7279CA-63FF-4747-B332-965091DD8611}.Debug-Linux|x64.Build.0 = Debug-Linux|x64
		{7C7279CA-63FF-4747-B332-965091DD8611}.Debug-Profiler|x64.ActiveCfg = Debug-Profiler|x64
		{7C7279CA-63FF-4747-B332-965091DD8611}.Debug-Profiler|x64.Build.0 = Debug-Profiler|x64
		{7C7279CA-63FF-4747-B332-965091DD8611}.Release|x64.ActiveCfg = Release|x64
		{7C7279CA-63FF-4747-B332-965091DD8611}.Release|x64.Build.0 = Release|x64
		{7C7279CA-63FF-4747-B332-965091DD8611}.Release|x64.Deploy.0 = Release|x64
		{7C7279CA-63FF-4747-B332-965091DD8611}.Release-Profiler|x64.ActiveCfg = Release|x64
		{7C7279CA-63FF-4747-B332-965091DD8611}.Release-Profiler|x64.Build.0 = Release|x64
		{BA888C77-BB48-4910-9C05-25F6BD425E8A}.Debug|x64.ActiveCfg = Debug|x64
		{BA888C77-BB48-4910-9C05-25F6BD425E8A}.Debug|x64.Build.0 = Debug|x64
		{BA888C77-BB48-4910-9C05-25F6BD425E8A}.Debug-Android|x64.ActiveCfg = Debug-Android|x64
		{BA888C77-BB48-4910-9C05-25F6BD425E8A}.Debug-Android|x64.Build.0 = Debug-Android|x64
		{BA888C77-BB48-4910-9C05-25F6BD425E8A}.Debug-Android-Profiler|x64.ActiveCfg = Debug-Android-Profiler|x64
		{BA888C77-BB48-4910-9C05-25F6BD425E8A}.Debug-Android-Profiler|x64.Build.0 = Debug-Android-Profiler|x64
		{BA888C77-BB48-4910-9C05-25F6BD425E8A}.Debug-Linux|x64.ActiveCfg = Debug-Linux|x64
		{BA888C77-BB48-4910-9C05-25F6BD425E8A}.Debug-Linux|x64.Build.0 = Debug-Linux|x64
		{BA888C77-BB48-4910-9C05-25F6BD425E8A}.Debug-Profiler|x64.ActiveCfg = Debug-Profiler|x64
		{BA888C77-BB48-4910-9C05-25F6BD425E8A}.Debug-Profiler|x64.Build.0 = Debug-Profiler|x64
		{BA888C77-BB48-4910-9C05-25F6BD425E8A}.Release|x64.ActiveCfg = Release|x64
		{BA888C77-BB48-4910-9C05-25F6BD425E8A}.Release|x64.Build.0 = Release|x64
		{BA888C77-BB48-4910-9C05-25F6BD425E8A}.Release|x64.Deploy.0 = Release|x64
		{BA888C77-BB48-4910-9C05-25F6BD425E8A}.Release-Profiler|x64.ActiveCfg = Release-Profiler|x64
		{BA888C77-BB48-4910-9C05-25F6BD425E8A}.Release-Profiler|x64.Build.0 = Release-Profiler|x64
		{82939AC8-0680-4C79-BF3B-97E97CCB103C}.Debug|x64.ActiveCfg = Debug|x64
		{82939AC8-0680-4C79-BF3B-97E97CCB103C}.Debug|x64.Build.0 = Debug|x64
		{82939AC8-0680-4C79-BF3B-97E97CCB103C}.Debug-Android|x64.ActiveCfg = Debug-Android|x64
		{82939AC8-0680-4C79-BF3B-97E97CCB103C}.Debug-Android|x64.Build.0 = Debug-Android|x64
		{82939AC8-0680-4C79-BF3B-97E97CCB103C}.Debug-Android-Profiler|x64.ActiveCfg = Debug-Android-Profiler|x64
		{82939AC8-0680-4C79-BF3B-97E97CCB103C}.Debug-Android-Profiler|x64.Build.0 = Debug-Android-Profiler|x64
		{82939AC8-0680-4C79-BF3B-97E97CCB103C}.Debug-Linux|x64.ActiveCfg = Debug-Linux|x64
		{82939AC8-0680-4C79-BF3B-97E97CCB103C}.Debug-Linux|x64.Build.0 = Debug-Linux|x64
		{82939AC8-0680-4C79-BF3B-97E97CCB103C}.Debug-Profiler|x64.ActiveCfg = Debug-Profiler|x64
		{82939AC8-0680-4C79-BF3B-97E97CCB103C}.Debug-Profiler|x64.Build.0 = Debug-Profiler|x64
		{82939AC8-0680-4C79-BF3B-97E97CCB103C}.Release|x64.ActiveCfg = Release|x64
		{82939AC8-0680-4C79-BF3B-97E97CCB103C}.Release|x64.Build.0 = Release|x64
		{82939AC8-0680-4C79-BF3B-97E97CCB103C}.Release|x64.Deploy.0 = Release|x64
		{82939AC8-0680-4C79-BF3B-97E97CCB103C}.Release-Profiler|x64.ActiveCfg = Release-Profiler|x64
		{82939AC8-0680-4C79-BF3B-97E97CCB103C}.Release-Profiler|x64.Build.0 = Release-Profiler|x64
		{1058CF80-A8B3-4E70-96AA-FC110763C02F}.Debug|x64.ActiveCfg = Debug-Android-Profiler|x64
		{1058CF80-A8B3-4E70-96AA-FC110763C02F}.Debug-Android|x64.ActiveCfg = Debug-Android|x64
		{1058CF80-A8B3-4E70-96AA-FC110763C02F}.Debug-Android|x64.Build.0 = Debug-Android|x64
		{1058CF80-A8B3-4E70-96AA-FC110763C02F}.Debug-Android-Profiler|x64.ActiveCfg = Debug-Android-Profiler|x64
		{1058CF80-A8B3-4E70-96AA-FC110763C02F}.Debug-Android-Profiler|x64.Build.0 = Debug-Android-Profiler|x64
		{1058CF80-A8B3-4E70-96AA-FC110763C02F}.Debug-Linux|x64.ActiveCfg = Debug-Android-Profiler|x64
		{1058CF80-A8B3-4E70-96AA-FC110763C02F}.Debug-Profiler|x64.ActiveCfg = Debug-Android-Profiler|x64
		{1058CF80-A8B3-4E70-96AA-FC110763C02F}.Release|x64.ActiveCfg = Release|x64
		{1058CF80-A8B3-4E70-96AA-FC110763C02F}.Release-Profiler|x64.ActiveCfg = Release|x64
		{782E2A40-7812-4A2C-B007-90291F8165D4}.Debug|x64.ActiveCfg = Debug-Android-Profiler|x64
		{782E2A40-7812-4A2C-B007-90291F8165D4}.Debug-Android|x64.ActiveCfg = Debug-Android|x64
		{782E2A40-7812-4A2C-B007-90291F8165D4}.Debug-Android|x64.Build.0 = Debug-Android|x64
		{782E2A40-7812-4A2C-B007-90291F8165D4}.Debug-Android-Profiler|x64.ActiveCfg = Debug-Android-Profiler|x64
		{782E2A40-7812-4A2C-B007-90291F8165D4}.Debug-Android-Profiler|x64.Build.0 = Debug-Android-Profiler|x64
		{782E2A40-7812-4A2C-B007-90291F8165D4}.Debug-Linux|x64.ActiveCfg = Debug-Android-Profiler|x64
		{782E2A40-7812-4A2C-B007-90291F8165D4}.Debug-Profiler|x64.ActiveCfg = Debug-Android-Profiler|x64
		{782E2A40-7812-4A2C-B007-90291F8165D4}.Release|x64.ActiveCfg = Release|x64
		{782E2A40-7812-4A2C-B007-90291F8165D4}.Release-Profiler|x64.ActiveCfg = Release|x64
		{F5BE5A98-786A-4CFB-8BBE-0B62C965F7DC}.Debug|x64.ActiveCfg = Debug|x64
		{F5BE5A98-786A-4CFB-8BBE-0B62C965F7DC}.Debug|x64.Build.0 = Debug|x64
		{F5BE5A98-786A-4CFB-8BBE-0B62C965F7DC}.Debug-Android|x64.ActiveCfg = Debug-Android|x64
		{F5BE5A98-786A-4CFB-8BBE-0B62C965F7DC}.Debug-Android|x64.Build.0 = Debug-Android|x64
		{F5BE5A98-786A-4CFB-8BBE-0B62C965F7DC}.Debug-Android-Profiler|x64.ActiveCfg = Debug-Android-Profiler|x64
		{F5BE5A98-786A-4CFB-8BBE-0B62C965F7DC}.Debug-Android-Profiler|x64.Build.0 = Debug-Android-Profiler|x64
		{F5BE5A98-786A-4CFB-8BBE-0B62C965F7DC}.Debug-Linux|x64.ActiveCfg = Debug-Linux|x64
		{F5BE5A98-786A-4CFB-8BBE-0B62C965F7DC}.Debug-Linux|x64.Build.0 = Debug-Linux|x64
		{F5BE5A98-786A-4CFB-8BBE-0B62C965F7DC}.Debug-Profiler|x64.ActiveCfg = Debug-Profiler|x64
		{F5BE5A98-786A-4CFB-8BBE-0B62C965F7DC}.Debug-Profiler|x64.Build.0 = Debug-Profiler|x64
		{F5BE5A98-786A-4CFB-8BBE-0B62C965F7DC}.Release|x64.ActiveCfg = Release|x64
		{F5BE5A98-786A-4CFB-8BBE-0B62C965F7DC}.Release|x64.Build.0 = Release|x64
		{F5BE5A98-786A-4CFB-8BBE-0B62C965F7DC}.Release|x64.Deploy.0 = Release|x64
		{F5BE5A98-786A-4CFB-8BBE-0B62C965F7DC}.Release-Profiler|x64.ActiveCfg = Release-Profiler|x64
		{F5BE5A98-786A-4CFB-8BBE-0B62C965F7DC}.Release-Profiler|x64.Build.0 = Release-Profiler|x64
		{67105FF1-9408-4AB9-9C2B-D22AE56215A3}.Debug|x64.ActiveCfg = Debug|x64
		{67105FF1-9408-4AB9-9C2B-D22AE56215A3}.Debug|x64.Build.0 = Debug|x64
		{67105FF1-9408-4AB9-9C2B-D22AE56215A3}.Debug-Android|x64.ActiveCfg = Debug-Android|x64
		{67105FF1-9408-4AB9-9C2B-D22AE56215A3}.Debug-Android|x64.Build.0 = Debug-Android|x64
		{67105FF1-9408-4AB9-9C2B-D22AE56215A3}.Debug-Android-Profiler|x64.ActiveCfg = Debug-Android-Profiler|x64
		{67105FF1-9408-4AB9-9C2B-D22AE56215A3}.Debug-Android-Profiler|x64.Build.0 = Debug-Android-Profiler|x64
		{67105FF1-9408-4AB9-9C2B-D22AE56215A3}.Debug-Linux|x64.ActiveCfg = Debug-Linux|x64
		{67105FF1-9408-4AB9-9C2B-D22AE56215A3}.Debug-Linux|x64.Build.0 = Debug-Linux|x64
		{67105FF1-9408-4AB9-9C2B-D22AE56215A3}.Debug-Profiler|x64.ActiveCfg = Debug-Profiler|x64
		{67105FF1-9408-4AB9-9C2B-D22AE56215A3}.Debug-Profiler|x64.Build.0 = Debug-Profiler|x64
		{67105FF1-9408-4AB9-9C2B-D22AE56215A3}.Release|x64.ActiveCfg = Release|x64
		{67105FF1-9408-4AB9-9C2B-D22AE56215A3}.Release|x64.Build.0 = Release|x64
		{67105FF1-9408-4AB9-9C2B-D22AE56215A3}.Release|x64.Deploy.0 = Release|x64
		{67105FF1-9408-4AB9-9C2B-D22AE56215A3}.Release-Profiler|x64.ActiveCfg = Release-Profiler|x64
		{67105FF1-9408-4AB9-9C2B-D22AE56215A3}.Release-Profiler|x64.Build.0 = Release-Profiler|x64
		{1DFEBF6C-1026-4C1C-9C33-C7FFFB07A8E9}.Debug|x64.ActiveCfg = Debug|x64
		{1DFEBF6C-1026-4C1C-9C33-C7FFFB07A8E9}.Debug|x64.Build.0 = Debug|x64
		{1DFEBF6C-1026-4C1C-9C33-C7FFFB07A8E9}.Debug-Android|x64.ActiveCfg = Debug-Android|x64
		{1DFEBF6C-1026-4C1C-9C33-C7FFFB07A8E9}.Debug-Android|x64.Build.0 = Debug-Android|x64
		{1DFEBF6C-1026-4C1C-9C33-C7FFFB07A8E9}.Debug-Android-Profiler|x64.ActiveCfg = Debug-Android-Profiler|x64
		{1DFEBF6C-1026-4C1C-9C33-C7FFFB07A8E9}.Debug-Android-Profiler|x64.Build.0 = Debug-Android-Profiler|x64
		{1DFEBF6C-1026-4C1C-9C33-C7FFFB07A8E9}.Debug-Linux|x64.ActiveCfg = Debug-Linux|x64
		{1DFEBF6C-1026-4C1C-9C33-C7FFFB07A8E9}.Debug-Linux|x64.Build.0 = Debug-Linux|x64
		{1DFEBF6C-1026-4C1C-9C33-C7FFFB07A8E9}.Debug-Profiler|x64.ActiveCfg = Debug-Profiler|x64
		{1DFEBF6C-1026-4C1C-9C33-C7FFFB07A8E9}.Debug-Profiler|x64.Build.0 = Debug-Profiler|x64
		{1DFEBF6C-1026-4C1C-9C33-C7FFFB07A8E9}.Release|x64.ActiveCfg = Release|x64
		{1DFEBF6C-1026-4C1C-9C33-C7FFFB07A8E9}.Release|x64.Build.0 = Release|x64
		{1DFEBF6C-1026-4C1C-9C33-C7FFFB07A8E9}.Release|x64.Deploy.0 = Release|x64
		{1DFEBF6C-1026-4C1C-9C33-C7FFFB07A8E9}.Release-Profiler|x64.ActiveCfg = Release-Profiler|x64
		{1DFEBF6C-1026-4C1C-9C33-C7FFFB07A8E9}.Release-Profiler|x64.Build.0 = Release-Profiler|x64
		{60BC53A0-E28E-4845-8D3A-FD467F6CDF07}.Debug|x64.ActiveCfg = Debug|x64
		{60BC53A0-E28E-4845-8D3A-FD467F6CDF07}.Debug|x64.Build.0 = Debug|x64
		{60BC53A0-E28E-4845-8D3A-FD467F6CDF07}.Debug-Android|x64.ActiveCfg = Debug-Android|x64
		{60BC53A0-E28E-4845-8D3A-FD467F6CDF07}.Debug-Android|x64.Build.0 = Debug-Android|x64
		{60BC53A0-E28E-4845-8D3A-FD467F6CDF07}.Debug-Android-Profiler|x64.ActiveCfg = Debug-Android-Profiler|x64
		{60BC53A0-E28E-4845-8D3A-FD467F6CDF07}.Debug-Android-Profiler|x64.Build.0 = Debug-Android-Profiler|x64
		{60BC53A0-E28E-4845-8D3A-FD467F6CDF07}.Debug-Linux|x64.ActiveCfg = Debug-Linux|x64
		{60BC53A0-E28E-4845-8D3A-FD467F6CDF07}.Debug-Linux|x64.Build.0 = Debug-Linux|x64
		{60BC53A0-E28E-4845-8D3A-FD467F6CDF07}.Debug-Profiler|x64.ActiveCfg = Debug-Profiler|x64
		{60BC53A0-E28E-4845-8D3A-FD467F6CDF07}.Debug-Profiler|x64.Build.0 = Debug-Profiler|x64
		{60BC53A0-E28E-4845-8D3A-FD467F6CDF07}.Release|x64.ActiveCfg = Release|x64
		{60BC53A0-E28E-4845-8D3A-FD467F6CDF07}.Release|x64.Build.0 = Release|x64
		{60BC53A0-E28E-4845-8D3A-FD467F6CDF07}.Release|x64.Deploy.0 = Release|x64
		{60BC53A0-E28E-4845-8D3A-FD467F6CDF07}.Release-Profiler|x64.ActiveCfg = Release-Profiler|x64
		{60BC53A0-E28E-4845-8D3A-FD467F6CDF07}.Release-Profiler|x64.Build.0 = Release-Profiler|x64
		{5BD33E5D-104B-440A-84C0-5FFADD0E4354}.Debug|x64.ActiveCfg = Debug|x64
		{5BD33E5D-104B-440A-84C0-5FFADD0E4354}.Debug|x64.Build.0 = Debug|x64
		{5BD33E5D-104B-440A-84C0-5FFADD0E4354}.Debug-Android|x64.ActiveCfg = Debug-Android|x64
		{5BD33E5D-104B-440A-84C0-5FFADD0E4354}.Debug-Android|x64.Build.0 = Debug-Android|x64
		{5BD33E5D-104B-440A-84C0-5FFADD0E4354}.Debug-Android-Profiler|x64.ActiveCfg = Debug-Android-Profiler|x64
		{5BD33E5D-104B-440A-84C0-5FFADD0E4354}.Debug-Android-Profiler|x64.Build.0 = Debug-Android-Profiler|x64
		{5BD33E5D-104B-440A-84C0-5FFADD0E4354}.Debug-Linux|x64.ActiveCfg = Debug-Linux|x64
		{5BD33E5D-104B-440A-84C0-5FFADD0E4354}.Debug-Linux|x64.Build.0 = Debug-Linux|x64
		{5BD33E5D-104B-440A-84C0-5FFADD0E4354}.Debug-Profiler|x64.ActiveCfg = Debug-Profiler|x64
		{5BD33E5D-104B-440A-84C0-5FFADD0E4354}.Debug-Profiler|x64.Build.0 = Debug-Profiler|x64
		{5BD33E5D-104B-440A-84C0-5FFADD0E4354}.Release|x64.ActiveCfg = Release|x64
		{5BD33E5D-104B-440A-84C0-5FFADD0E4354}.Release|x64.Build.0 = Release|x64
		{5BD33E5D-104B-440A-84C0-5FFADD0E4354}.Release|x64.Deploy.0 = Release|x64
		{5BD33E5D-104B-440A-84C0-5FFADD0E4354}.Release-Profiler|x64.ActiveCfg = Release-Profiler|x64
		{5BD33E5D-104B-440A-84C0-5FFADD0E4354}.Release-Profiler|x64.Build.0 = Release-Profiler|x64
		{8A110BDB-DC8C-4FBD-83B8-6D10E6B9E818}.Debug|x64.ActiveCfg = Debug-Android-Profiler|x64
		{8A110BDB-DC8C-4FBD-83B8-6D10E6B9E818}.Debug-Android|x64.ActiveCfg = Debug-Android|x64
		{8A110BDB-DC8C-4FBD-83B8-6D10E6B9E818}.Debug-Android|x64.Build.0 = Debug-Android|x64
		{8A110BDB-DC8C-4FBD-83B8-6D10E6B9E818}.Debug-Android-Profiler|x64.ActiveCfg = Debug-Android-Profiler|x64
		{8A110BDB-DC8C-4FBD-83B8-6D10E6B9E818}.Debug-Android-Profiler|x64.Build.0 = Debug-Android-Profiler|x64
		{8A110BDB-DC8C-4FBD-83B8-6D10E6B9E818}.Debug-Linux|x64.ActiveCfg = Debug-Android-Profiler|x64
		{8A110BDB-DC8C-4FBD-83B8-6D10E6B9E818}.Debug-Profiler|x64.ActiveCfg = Debug-Android-Profiler|x64
		{8A110BDB-DC8C-4FBD-83B8-6D10E6B9E818}.Release|x64.ActiveCfg = Release|x64
		{8A110BDB-DC8C-4FBD-83B8-6D10E6B9E818}.Release-Profiler|x64.ActiveCfg = Release|x64
		{C788C399-EB26-485B-A92E-4389187BC11B}.Debug|x64.ActiveCfg = Debug|x64
		{C788C399-EB26-485B-A92E-4389187BC11B}.Debug|x64.Build.0 = Debug|x64
		{C788C399-EB26-485B-A92E-4389187BC11B}.Debug-Android|x64.ActiveCfg = Debug|x64
		{C788C399-EB26-485B-A92E-4389187BC11B}.Debug-Android-Profiler|x64.ActiveCfg = Debug-Android-Profiler|x64
		{C788C399-EB26-485B-A92E-4389187BC11B}.Debug-Android-Profiler|x64.Build.0 = Debug-Android-Profiler|x64
		{C788C399-EB26-485B-A92E-4389187BC11B}.Debug-Linux|x64.ActiveCfg = Debug-Linux|x64
		{C788C399-EB26-485B-A92E-4389187BC11B}.Debug-Linux|x64.Build.0 = Debug-Linux|x64
		{C788C399-EB26-485B-A92E-4389187BC11B}.Debug-Profiler|x64.ActiveCfg = Debug-Profiler|x64
		{C788C399-EB26-485B-A92E-4389187BC11B}.Debug-Profiler|x64.Build.0 = Debug-Profiler|x64
		{C788C399-EB26-485B-A92E-4389187BC11B}.Release|x64.ActiveCfg = Release|x64
		{C788C399-EB26-485B-A92E-4389187BC11B}.Release|x64.Build.0 = Release|x64
		{C788C399-EB26-485B-A92E-4389187BC11B}.Release|x64.Deploy.0 = Release|x64
		{C788C399-EB26-485B-A92E-4389187BC11B}.Release-Profiler|x64.ActiveCfg = Release-Profiler|x64
		{C788C399-EB26-485B-A92E-4389187BC11B}.Release-Profiler|x64.Build.0 = Release-Profiler|x64
		{B7144223-AC7C-4EFE-9A63-FFF408DC259A}.Debug|x64.ActiveCfg = Debug|x64
		{B7144223-AC7C-4EFE-9A63-FFF408DC259A}.Debug|x64.Build.0 = Debug|x64
		{B7144223-AC7C-4EFE-9A63-FFF408DC259A}.Debug-Android|x64.ActiveCfg = Debug-Android|x64
		{B7144223-AC7C-4EFE-9A63-FFF408DC259A}.Debug-Android-Profiler|x64.ActiveCfg = Debug-Android-Profiler|x64
		{B7144223-AC7C-4EFE-9A63-FFF408DC259A}.Debug-Linux|x64.ActiveCfg = Debug-Linux|x64
		{B7144223-AC7C-4EFE-9A63-FFF408DC259A}.Debug-Linux|x64.Build.0 = Debug-Linux|x64
		{B7144223-AC7C-4EFE-9A63-FFF408DC259A}.Debug-Profiler|x64.ActiveCfg = Debug-Profiler|x64
		{B7144223-AC7C-4EFE-9A63-FFF408DC259A}.Debug-Profiler|x64.Build.0 = Debug-Profiler|x64
		{B7144223-AC7C-4EFE-9A63-FFF408DC259A}.Release|x64.ActiveCfg = Release|x64
		{B7144223-AC7C-4EFE-9A63-FFF408DC259A}.Release|x64.Build.0 = Release|x64
		{B7144223-AC7C-4EFE-9A63-FFF408DC259A}.Release|x64.Deploy.0 = Release|x64
		{B7144223-AC7C-4EFE-9A63-FFF408DC259A}.Release-Profiler|x64.ActiveCfg = Release-Profiler|x64
		{B7144223-AC7C-4EFE-9A63-FFF408DC259A}.Release-Profiler|x64.Build.0 = Release-Profiler|x64
		{4DA70C50-8B2C-45B4-A879-D6C107AFD0AC}.Debug-Android|x64.ActiveCfg = Debug-Android|x64
		{4DA70C50-8B2C-45B4-A879-D6C107AFD0AC}.Debug-Android|x64.Build.0 = Debug-Android|x64
		{1D8424C6-B41C-4735-A1EB-96E808EA0399}.Debug-Android|x64.ActiveCfg = Debug-Android|x64
		{1D8424C6-B41C-4735-A1EB-96E808EA0399}.Debug-Android|x64.Build.0 = Debug-Android|x64
		{8D7DCD69-C466-4D65-A955-190197E9CA74}.Debug-Android|x64.ActiveCfg = Debug-Android|x64
		{8D7DCD69-C466-4D65-A955-190197E9CA74}.Debug-Android|x64.Build.0 = Debug-Android|x64
	EndGlobalSection
	GlobalSection(SolutionProperties) = preSolution
		HideSolutionNode = FALSE
	EndGlobalSection
	GlobalSection(NestedProjects) = preSolution
		{2A780F4B-9FE9-4A05-ADE0-0645A99A9A3D} = {ACCB3A60-EEFE-46D6-9CA9-31457EF454C3}
		{3957CC5A-DD07-4E6B-B9A9-F05E212CC3B2} = {A47643E2-2AC1-4DF1-BEE3-2AE63C7901B5}
		{BA888C77-BB48-4910-9C05-25F6BD425E8A} = {A47643E2-2AC1-4DF1-BEE3-2AE63C7901B5}
		{82939AC8-0680-4C79-BF3B-97E97CCB103C} = {A47643E2-2AC1-4DF1-BEE3-2AE63C7901B5}
		{1058CF80-A8B3-4E70-96AA-FC110763C02F} = {1DB13791-CCAF-42A7-830B-85241C369497}
		{782E2A40-7812-4A2C-B007-90291F8165D4} = {1DB13791-CCAF-42A7-830B-85241C369497}
		{403D5724-7830-4410-8631-704A95AB5129} = {A47643E2-2AC1-4DF1-BEE3-2AE63C7901B5}
		{F5BE5A98-786A-4CFB-8BBE-0B62C965F7DC} = {403D5724-7830-4410-8631-704A95AB5129}
		{67105FF1-9408-4AB9-9C2B-D22AE56215A3} = {403D5724-7830-4410-8631-704A95AB5129}
		{1DFEBF6C-1026-4C1C-9C33-C7FFFB07A8E9} = {403D5724-7830-4410-8631-704A95AB5129}
		{60BC53A0-E28E-4845-8D3A-FD467F6CDF07} = {403D5724-7830-4410-8631-704A95AB5129}
		{5BD33E5D-104B-440A-84C0-5FFADD0E4354} = {BAF65069-A1A9-46B0-9C2F-7AC4F51F855F}
		{8A110BDB-DC8C-4FBD-83B8-6D10E6B9E818} = {1DB13791-CCAF-42A7-830B-85241C369497}
		{C788C399-EB26-485B-A92E-4389187BC11B} = {0F7B4701-8DD5-4EAA-A3CB-9E8AEA41F9AF}
		{B7144223-AC7C-4EFE-9A63-FFF408DC259A} = {1DB13791-CCAF-42A7-830B-85241C369497}
		{1D8424C6-B41C-4735-A1EB-96E808EA0399} = {10E1A4DB-7BAF-4677-862F-2C1B981FCAAF}
		{4DA70C50-8B2C-45B4-A879-D6C107AFD0AC} = {10E1A4DB-7BAF-4677-862F-2C1B981FCAAF}
		{8D7DCD69-C466-4D65-A955-190197E9CA74} = {10E1A4DB-7BAF-4677-862F-2C1B981FCAAF}
	EndGlobalSection
	GlobalSection(ExtensibilityGlobals) = postSolution
		SolutionGuid = {442101DB-44FD-4852-8822-6A9E88961410}
	EndGlobalSection
EndGlobal
