
Microsoft Visual Studio Solution File, Format Version 12.00
# Visual Studio Version 17
VisualStudioVersion = 17.3.32922.545
MinimumVisualStudioVersion = 10.0.40219.1
Project("{9A19103F-16F7-4668-BE54-9A1E7A4F7556}") = "REngine.Core", "REngine.Core\REngine.Core.csproj", "{72C4FF7A-ACD1-487F-9636-8781FD9F756A}"
EndProject
Project("{9A19103F-16F7-4668-BE54-9A1E7A4F7556}") = "REngine.RHI", "REngine.RHI\REngine.RHI.csproj", "{6D35A31F-37A4-4D6B-A712-A0E0547CC049}"
EndProject
Project("{2150E333-8FDC-42A3-9474-1A3956D46DE8}") = "Tests", "Tests", "{C6A5B02E-558C-4594-95DB-C12B2694EE1B}"
EndProject
Project("{9A19103F-16F7-4668-BE54-9A1E7A4F7556}") = "REngine.Core.Tests", "REngine.Core.Tests\REngine.Core.Tests.csproj", "{2A07D5B8-B862-4AA0-8AAE-CCEA10EBF3FA}"
EndProject
Project("{9A19103F-16F7-4668-BE54-9A1E7A4F7556}") = "REngine.Base.Tests", "REngine.Base.Tests\REngine.Base.Tests.csproj", "{1BBE06B2-7073-446E-9256-1413474572C9}"
EndProject
Project("{9A19103F-16F7-4668-BE54-9A1E7A4F7556}") = "REngine.Sandbox", "REngine.Sandbox\REngine.Sandbox.csproj", "{A04F8C05-4464-4531-A666-B392F43D8D14}"
EndProject
Project("{2150E333-8FDC-42A3-9474-1A3956D46DE8}") = "Solution Items", "Solution Items", "{851691E9-98BE-43A0-B175-9B21A36FCDDC}"
	ProjectSection(SolutionItems) = preProject
		.editorconfig = .editorconfig
	EndProjectSection
EndProject
Project("{9A19103F-16F7-4668-BE54-9A1E7A4F7556}") = "REngine", "REngine\REngine.csproj", "{6C1D8EC8-DB37-48CB-AC52-7DC7B572D7D5}"
EndProject
Project("{9A19103F-16F7-4668-BE54-9A1E7A4F7556}") = "REngine.RPI", "REngine.RPI\REngine.RPI.csproj", "{B98478AB-7430-4168-8EB6-A9D51A4D9C1E}"
EndProject
Project("{9A19103F-16F7-4668-BE54-9A1E7A4F7556}") = "REngine.Assets", "REngine.Assets\REngine.Assets.csproj", "{03092AC2-1D1B-4872-A057-0D25B4A68875}"
EndProject
Project("{9A19103F-16F7-4668-BE54-9A1E7A4F7556}") = "REngine.Asset.Tests", "REngine.Asset.Tests\REngine.Asset.Tests.csproj", "{5960716B-CC01-40B6-B13C-2DCD9920F8E0}"
EndProject
Project("{9A19103F-16F7-4668-BE54-9A1E7A4F7556}") = "REngine.RHI.NativeDriver", "REngine.RHI.NativeDriver\REngine.RHI.NativeDriver.csproj", "{796A9BE6-5B6C-4329-A1D9-235787383DBE}"
EndProject
Project("{9A19103F-16F7-4668-BE54-9A1E7A4F7556}") = "REngine.RHI.NativeDriver.Tests", "REngine.RHI.NativeDriver.Tests\REngine.RHI.NativeDriver.Tests.csproj", "{CC6E8333-D62E-461C-9DF5-99C13B56F1FC}"
EndProject
Project("{9A19103F-16F7-4668-BE54-9A1E7A4F7556}") = "REngine.RHI.NativeDriver.Playground", "REngine.RHI.NativeDriver.Sandbox\REngine.RHI.NativeDriver.Playground.csproj", "{2A780F4B-9FE9-4A05-ADE0-0645A99A9A3D}"
EndProject
Project("{9A19103F-16F7-4668-BE54-9A1E7A4F7556}") = "REngine.WindowsGtk", "REngine.WindowsGtk\REngine.WindowsGtk.csproj", "{C043374D-001B-4869-AAE7-FD1AFC402656}"
EndProject
Project("{2150E333-8FDC-42A3-9474-1A3956D46DE8}") = "Playground", "Playground", "{ACCB3A60-EEFE-46D6-9CA9-31457EF454C3}"
EndProject
Project("{9A19103F-16F7-4668-BE54-9A1E7A4F7556}") = "REngine.Gtk.Playground", "REngine.Gtk.Playground\REngine.Gtk.Playground.csproj", "{AC9CBF66-F8C8-4552-BA91-0E480D1F429F}"
EndProject
Global
	GlobalSection(SolutionConfigurationPlatforms) = preSolution
		Debug|x64 = Debug|x64
		Debug-Linux|x64 = Debug-Linux|x64
		Release|x64 = Release|x64
	EndGlobalSection
	GlobalSection(ProjectConfigurationPlatforms) = postSolution
		{72C4FF7A-ACD1-487F-9636-8781FD9F756A}.Debug|x64.ActiveCfg = Debug|x64
		{72C4FF7A-ACD1-487F-9636-8781FD9F756A}.Debug|x64.Build.0 = Debug|x64
		{72C4FF7A-ACD1-487F-9636-8781FD9F756A}.Debug-Linux|x64.ActiveCfg = Debug-Linux|x64
		{72C4FF7A-ACD1-487F-9636-8781FD9F756A}.Debug-Linux|x64.Build.0 = Debug-Linux|x64
		{72C4FF7A-ACD1-487F-9636-8781FD9F756A}.Release|x64.ActiveCfg = Release|x64
		{72C4FF7A-ACD1-487F-9636-8781FD9F756A}.Release|x64.Build.0 = Release|x64
		{6D35A31F-37A4-4D6B-A712-A0E0547CC049}.Debug|x64.ActiveCfg = Debug|x64
		{6D35A31F-37A4-4D6B-A712-A0E0547CC049}.Debug|x64.Build.0 = Debug|x64
		{6D35A31F-37A4-4D6B-A712-A0E0547CC049}.Debug-Linux|x64.ActiveCfg = Debug-Linux|x64
		{6D35A31F-37A4-4D6B-A712-A0E0547CC049}.Debug-Linux|x64.Build.0 = Debug-Linux|x64
		{6D35A31F-37A4-4D6B-A712-A0E0547CC049}.Release|x64.ActiveCfg = Release|x64
		{6D35A31F-37A4-4D6B-A712-A0E0547CC049}.Release|x64.Build.0 = Release|x64
		{2A07D5B8-B862-4AA0-8AAE-CCEA10EBF3FA}.Debug|x64.ActiveCfg = Debug|x64
		{2A07D5B8-B862-4AA0-8AAE-CCEA10EBF3FA}.Debug|x64.Build.0 = Debug|x64
		{2A07D5B8-B862-4AA0-8AAE-CCEA10EBF3FA}.Debug-Linux|x64.ActiveCfg = Debug-Linux|x64
		{2A07D5B8-B862-4AA0-8AAE-CCEA10EBF3FA}.Release|x64.ActiveCfg = Release|x64
		{1BBE06B2-7073-446E-9256-1413474572C9}.Debug|x64.ActiveCfg = Debug|x64
		{1BBE06B2-7073-446E-9256-1413474572C9}.Debug|x64.Build.0 = Debug|x64
		{1BBE06B2-7073-446E-9256-1413474572C9}.Debug-Linux|x64.ActiveCfg = Debug-Linux|x64
		{1BBE06B2-7073-446E-9256-1413474572C9}.Release|x64.ActiveCfg = Release|x64
		{A04F8C05-4464-4531-A666-B392F43D8D14}.Debug|x64.ActiveCfg = Debug|x64
		{A04F8C05-4464-4531-A666-B392F43D8D14}.Debug|x64.Build.0 = Debug|x64
		{A04F8C05-4464-4531-A666-B392F43D8D14}.Debug-Linux|x64.ActiveCfg = Debug-Linux|x64
		{A04F8C05-4464-4531-A666-B392F43D8D14}.Debug-Linux|x64.Build.0 = Debug-Linux|x64
		{A04F8C05-4464-4531-A666-B392F43D8D14}.Release|x64.ActiveCfg = Release|x64
		{A04F8C05-4464-4531-A666-B392F43D8D14}.Release|x64.Build.0 = Release|x64
		{6C1D8EC8-DB37-48CB-AC52-7DC7B572D7D5}.Debug|x64.ActiveCfg = Debug|x64
		{6C1D8EC8-DB37-48CB-AC52-7DC7B572D7D5}.Debug|x64.Build.0 = Debug|x64
		{6C1D8EC8-DB37-48CB-AC52-7DC7B572D7D5}.Debug-Linux|x64.ActiveCfg = Debug-Linux|x64
		{6C1D8EC8-DB37-48CB-AC52-7DC7B572D7D5}.Debug-Linux|x64.Build.0 = Debug-Linux|x64
		{6C1D8EC8-DB37-48CB-AC52-7DC7B572D7D5}.Release|x64.ActiveCfg = Release|x64
		{6C1D8EC8-DB37-48CB-AC52-7DC7B572D7D5}.Release|x64.Build.0 = Release|x64
		{B98478AB-7430-4168-8EB6-A9D51A4D9C1E}.Debug|x64.ActiveCfg = Debug|x64
		{B98478AB-7430-4168-8EB6-A9D51A4D9C1E}.Debug|x64.Build.0 = Debug|x64
		{B98478AB-7430-4168-8EB6-A9D51A4D9C1E}.Debug-Linux|x64.ActiveCfg = Debug-Linux|x64
		{B98478AB-7430-4168-8EB6-A9D51A4D9C1E}.Debug-Linux|x64.Build.0 = Debug-Linux|x64
		{B98478AB-7430-4168-8EB6-A9D51A4D9C1E}.Release|x64.ActiveCfg = Release|x64
		{B98478AB-7430-4168-8EB6-A9D51A4D9C1E}.Release|x64.Build.0 = Release|x64
		{03092AC2-1D1B-4872-A057-0D25B4A68875}.Debug|x64.ActiveCfg = Debug|x64
		{03092AC2-1D1B-4872-A057-0D25B4A68875}.Debug|x64.Build.0 = Debug|x64
		{03092AC2-1D1B-4872-A057-0D25B4A68875}.Debug-Linux|x64.ActiveCfg = Debug-Linux|x64
		{03092AC2-1D1B-4872-A057-0D25B4A68875}.Debug-Linux|x64.Build.0 = Debug-Linux|x64
		{03092AC2-1D1B-4872-A057-0D25B4A68875}.Release|x64.ActiveCfg = Release|x64
		{03092AC2-1D1B-4872-A057-0D25B4A68875}.Release|x64.Build.0 = Release|x64
		{5960716B-CC01-40B6-B13C-2DCD9920F8E0}.Debug|x64.ActiveCfg = Debug|x64
		{5960716B-CC01-40B6-B13C-2DCD9920F8E0}.Debug|x64.Build.0 = Debug|x64
		{5960716B-CC01-40B6-B13C-2DCD9920F8E0}.Debug-Linux|x64.ActiveCfg = Debug-Linux|x64
		{5960716B-CC01-40B6-B13C-2DCD9920F8E0}.Release|x64.ActiveCfg = Release|x64
		{796A9BE6-5B6C-4329-A1D9-235787383DBE}.Debug|x64.ActiveCfg = Debug|x64
		{796A9BE6-5B6C-4329-A1D9-235787383DBE}.Debug|x64.Build.0 = Debug|x64
		{796A9BE6-5B6C-4329-A1D9-235787383DBE}.Debug-Linux|x64.ActiveCfg = Debug-Linux|x64
		{796A9BE6-5B6C-4329-A1D9-235787383DBE}.Debug-Linux|x64.Build.0 = Debug-Linux|x64
		{796A9BE6-5B6C-4329-A1D9-235787383DBE}.Release|x64.ActiveCfg = Release|x64
		{796A9BE6-5B6C-4329-A1D9-235787383DBE}.Release|x64.Build.0 = Release|x64
		{CC6E8333-D62E-461C-9DF5-99C13B56F1FC}.Debug|x64.ActiveCfg = Debug|x64
		{CC6E8333-D62E-461C-9DF5-99C13B56F1FC}.Debug|x64.Build.0 = Debug|x64
		{CC6E8333-D62E-461C-9DF5-99C13B56F1FC}.Debug-Linux|x64.ActiveCfg = Debug-Linux|x64
		{CC6E8333-D62E-461C-9DF5-99C13B56F1FC}.Release|x64.ActiveCfg = Release|x64
		{CC6E8333-D62E-461C-9DF5-99C13B56F1FC}.Release|x64.Build.0 = Release|x64
		{2A780F4B-9FE9-4A05-ADE0-0645A99A9A3D}.Debug|x64.ActiveCfg = Debug|x64
		{2A780F4B-9FE9-4A05-ADE0-0645A99A9A3D}.Debug|x64.Build.0 = Debug|x64
		{2A780F4B-9FE9-4A05-ADE0-0645A99A9A3D}.Debug-Linux|x64.ActiveCfg = Debug-Linux|x64
		{2A780F4B-9FE9-4A05-ADE0-0645A99A9A3D}.Debug-Linux|x64.Build.0 = Debug-Linux|x64
		{2A780F4B-9FE9-4A05-ADE0-0645A99A9A3D}.Release|x64.ActiveCfg = Release|x64
		{2A780F4B-9FE9-4A05-ADE0-0645A99A9A3D}.Release|x64.Build.0 = Release|x64
		{C043374D-001B-4869-AAE7-FD1AFC402656}.Debug|x64.ActiveCfg = Debug|x64
		{C043374D-001B-4869-AAE7-FD1AFC402656}.Debug|x64.Build.0 = Debug|x64
		{C043374D-001B-4869-AAE7-FD1AFC402656}.Debug-Linux|x64.ActiveCfg = Debug-Linux|x64
		{C043374D-001B-4869-AAE7-FD1AFC402656}.Debug-Linux|x64.Build.0 = Debug-Linux|x64
		{C043374D-001B-4869-AAE7-FD1AFC402656}.Release|x64.ActiveCfg = Release|x64
		{C043374D-001B-4869-AAE7-FD1AFC402656}.Release|x64.Build.0 = Release|x64
		{AC9CBF66-F8C8-4552-BA91-0E480D1F429F}.Debug|x64.ActiveCfg = Debug|Any CPU
		{AC9CBF66-F8C8-4552-BA91-0E480D1F429F}.Debug|x64.Build.0 = Debug|Any CPU
		{AC9CBF66-F8C8-4552-BA91-0E480D1F429F}.Debug-Linux|x64.ActiveCfg = Debug|Any CPU
		{AC9CBF66-F8C8-4552-BA91-0E480D1F429F}.Debug-Linux|x64.Build.0 = Debug|Any CPU
		{AC9CBF66-F8C8-4552-BA91-0E480D1F429F}.Release|x64.ActiveCfg = Release|Any CPU
		{AC9CBF66-F8C8-4552-BA91-0E480D1F429F}.Release|x64.Build.0 = Release|Any CPU
	EndGlobalSection
	GlobalSection(SolutionProperties) = preSolution
		HideSolutionNode = FALSE
	EndGlobalSection
	GlobalSection(NestedProjects) = preSolution
		{2A07D5B8-B862-4AA0-8AAE-CCEA10EBF3FA} = {C6A5B02E-558C-4594-95DB-C12B2694EE1B}
		{1BBE06B2-7073-446E-9256-1413474572C9} = {C6A5B02E-558C-4594-95DB-C12B2694EE1B}
		{5960716B-CC01-40B6-B13C-2DCD9920F8E0} = {C6A5B02E-558C-4594-95DB-C12B2694EE1B}
		{CC6E8333-D62E-461C-9DF5-99C13B56F1FC} = {C6A5B02E-558C-4594-95DB-C12B2694EE1B}
		{2A780F4B-9FE9-4A05-ADE0-0645A99A9A3D} = {ACCB3A60-EEFE-46D6-9CA9-31457EF454C3}
		{AC9CBF66-F8C8-4552-BA91-0E480D1F429F} = {ACCB3A60-EEFE-46D6-9CA9-31457EF454C3}
	EndGlobalSection
	GlobalSection(ExtensibilityGlobals) = postSolution
		SolutionGuid = {442101DB-44FD-4852-8822-6A9E88961410}
	EndGlobalSection
EndGlobal
